PODS:
  - Alamofire (5.1.0)
  - FreeStreamer (4.0.0):
    - Reachability (~> 3.0)
  - GKCoverSwift (1.1.0)
  - HandyJSON (5.0.1)
  - JCore (2.2.4)
  - JPush (3.3.2):
    - JCore (< 3.0.0, >= 2.0.0)
  - JShare (1.8.1):
    - JCore (< 3.0.0, >= 1.2.0)
  - Kingfisher (5.13.3):
    - Kingfisher/Core (= 5.13.3)
  - Kingfisher/Core (5.13.3)
  - MJRefresh (3.3.1)
  - Moya (14.0.0):
    - Moya/Core (= 14.0.0)
  - Moya/Core (14.0.0):
    - Alamofire (~> 5.0)
  - PYSearch (0.9.1)
  - Reachability (3.2)
  - SnapKit (5.0.1)
  - SwiftyJSON (5.0.0)
  - TencentOpenAPI-Unofficial (3.3.5)
  - WechatOpenSDK (1.8.7)
  - Weibo_SDK (3.2.7)
  - ZFPlayer (3.3.1):
    - ZFPlayer/Core (= 3.3.1)
  - ZFPlayer/AVPlayer (3.3.1):
    - ZFPlayer/Core
  - ZFPlayer/ControlView (3.3.1):
    - ZFPlayer/Core
  - ZFPlayer/Core (3.3.1)
  - ZWAlertController (0.3.0)

DEPENDENCIES:
  - FreeStreamer
  - GKCoverSwift
  - HandyJSON
  - JPush
  - JShare
  - Kingfisher
  - MJRefresh
  - Moya
  - PYSearch
  - SnapKit
  - SwiftyJSON
  - TencentOpenAPI-Unofficial
  - WechatOpenSDK
  - Weibo_SDK (from `https://github.com/sinaweibosdk/weibo_ios_sdk.git`)
  - ZFPlayer
  - ZFPlayer/AVPlayer
  - ZFPlayer/ControlView
  - ZWAlertController

SPEC REPOS:
  https://github.com/CocoaPods/Specs.git:
    - Alamofire
    - FreeStreamer
    - GKCoverSwift
    - HandyJSON
    - JCore
    - JPush
    - JShare
    - Kingfisher
    - MJRefresh
    - Moya
    - PYSearch
    - Reachability
    - SnapKit
    - SwiftyJSON
    - TencentOpenAPI-Unofficial
    - WechatOpenSDK
    - ZFPlayer
    - ZWAlertController

EXTERNAL SOURCES:
  Weibo_SDK:
    :git: https://github.com/sinaweibosdk/weibo_ios_sdk.git

CHECKOUT OPTIONS:
  Weibo_SDK:
    :commit: 90a5cf8d5dfb03ccf62b1c8e1a17fea766dc806b
    :git: https://github.com/sinaweibosdk/weibo_ios_sdk.git

SPEC CHECKSUMS:
  Alamofire: 9d5c5f602928e512395b30950c5984eca840093c
  FreeStreamer: 7e9c976045701ac2f7e9c14c17245203c37bf2ea
  GKCoverSwift: 40c387c80c5cc695b77e3f105c04cdfb714a883c
  HandyJSON: d45b8415c501e3affc59ca9762c1197ff0feb646
  JCore: b007693f7ac4d12d5c77861660a4184522454eb1
  JPush: 9468c84a3809dc3ac2fc1c89c6d1d6c858a91bf5
  JShare: d19013ffb1a095de31b20236fe08e9c74064cfe5
  Kingfisher: d2b3d6a7200c93b34de9afcdf25c8dd9282ec277
  MJRefresh: eeda70fbf0ad277f3178cef1cd0c3532591d6237
  Moya: 5b45dacb75adb009f97fde91c204c1e565d31916
  PYSearch: 76dee18eea3309b60921a5d6a69390a63a5dda15
  Reachability: 33e18b67625424e47b6cde6d202dce689ad7af96
  SnapKit: 97b92857e3df3a0c71833cce143274bf6ef8e5eb
  SwiftyJSON: 36413e04c44ee145039d332b4f4e2d3e8d6c4db7
  TencentOpenAPI-Unofficial: bb112eb0f173390ea1bb2fd52270a808b0aa0057
  WechatOpenSDK: 7cd4d3386fb6ba5595d5fb863e0a3bfd43bc6768
  Weibo_SDK: 5a4d08f7e1fedbb635435e4585c8c0439c7da089
  ZFPlayer: 8a6021a3c45e281f2abd24dca5c88915af770a7e
  ZWAlertController: 0c2c82e7e06cf3db4496d447397dc8c17f1fb93f

PODFILE CHECKSUM: 2a5e0ddd6f4693f3d661a49734526a9703b8fb78

COCOAPODS: 1.9.1
