PODS:
  - Alamofire (4.9.0)
  - FreeStreamer (4.0.0):
    - Reachability (~> 3.0)
  - HandyJSON (5.0.0)
  - Kingfisher (5.7.1)
  - Moya (13.0.1):
    - Moya/Core (= 13.0.1)
  - Moya/Core (13.0.1):
    - Alamofire (~> 4.1)
    - Result (~> 4.1)
  - PYSearch (0.9.1)
  - Reachability (3.2)
  - Result (4.1.0)
  - SnapKit (5.0.1)
  - SwiftyJSON (5.0.0)
  - TencentOpenAPI-Unofficial (3.3.5)
  - WechatOpenSDK (1.8.4)
  - Weibo_SDK (3.2.4)
  - ZFPlayer (3.2.13):
    - ZFPlayer/Core (= 3.2.13)
  - ZFPlayer/AVPlayer (3.2.13):
    - ZFPlayer/Core
  - ZFPlayer/ControlView (3.2.13):
    - ZFPlayer/Core
  - ZFPlayer/Core (3.2.13)

DEPENDENCIES:
  - FreeStreamer
  - HandyJSON
  - Kingfisher
  - Moya
  - PYSearch
  - SnapKit
  - SwiftyJSON
  - TencentOpenAPI-Unofficial
  - WechatOpenSDK
  - Weibo_SDK (from `https://github.com/sinaweibosdk/weibo_ios_sdk.git`)
  - ZFPlayer
  - ZFPlayer/AVPlayer
  - ZFPlayer/ControlView

SPEC REPOS:
  https://github.com/cocoapods/specs.git:
    - Alamofire
    - FreeStreamer
    - HandyJSON
    - Kingfisher
    - Moya
    - PYSearch
    - Reachability
    - Result
    - SnapKit
    - SwiftyJSON
    - TencentOpenAPI-Unofficial
    - WechatOpenSDK
    - ZFPlayer

EXTERNAL SOURCES:
  Weibo_SDK:
    :git: https://github.com/sinaweibosdk/weibo_ios_sdk.git

CHECKOUT OPTIONS:
  Weibo_SDK:
    :commit: 83b1235d61530e5fdeeb86c75915c6bdb1dfcedb
    :git: https://github.com/sinaweibosdk/weibo_ios_sdk.git

SPEC CHECKSUMS:
  Alamofire: afc3e7c6db61476cb45cdd23fed06bad03bbc321
  FreeStreamer: 7e9c976045701ac2f7e9c14c17245203c37bf2ea
  HandyJSON: 992f2d661716d6a91de82d0056927bc7813b5770
  Kingfisher: 176d377ad339113c99ad4980cbae687f807e20fe
  Moya: f4a4b80ff2f8a4ffc208dfb31cd91636622fee6e
  PYSearch: 76dee18eea3309b60921a5d6a69390a63a5dda15
  Reachability: 33e18b67625424e47b6cde6d202dce689ad7af96
  Result: bd966fac789cc6c1563440b348ab2598cc24d5c7
  SnapKit: 97b92857e3df3a0c71833cce143274bf6ef8e5eb
  SwiftyJSON: 36413e04c44ee145039d332b4f4e2d3e8d6c4db7
  TencentOpenAPI-Unofficial: bb112eb0f173390ea1bb2fd52270a808b0aa0057
  WechatOpenSDK: 9b721089507c895d05f997408c30bb6e6f5f9b60
  Weibo_SDK: 977b5352ef6c5861e67c4fa1a81b916e47343713
  ZFPlayer: b2ba40c924e1b9a7f0a670632c4235ffbe6ee055

PODFILE CHECKSUM: 3732a4f1b1eaa844b2fec4bbc0c4af7fa9525137

COCOAPODS: 1.5.3
