// !$*UTF8*$!
{
	archiveVersion = 1;
	classes = {
	};
	objectVersion = 50;
	objects = {

/* Begin PBXBuildFile section */
		19333381234DD1A000498D76 /* AudioToolbox.framework in Frameworks */ = {isa = PBXBuildFile; fileRef = 19333380234DD1A000498D76 /* AudioToolbox.framework */; };
		19333383234DD1AB00498D76 /* AVFoundation.framework in Frameworks */ = {isa = PBXBuildFile; fileRef = 19333382234DD1AB00498D76 /* AVFoundation.framework */; };
		19333385234DD1B500498D76 /* CoreGraphics.framework in Frameworks */ = {isa = PBXBuildFile; fileRef = 19333384234DD1B500498D76 /* CoreGraphics.framework */; };
		19333387234DD1BF00498D76 /* CoreMedia.framework in Frameworks */ = {isa = PBXBuildFile; fileRef = 19333386234DD1BF00498D76 /* CoreMedia.framework */; };
		19333389234DD1C900498D76 /* CoreVideo.framework in Frameworks */ = {isa = PBXBuildFile; fileRef = 19333388234DD1C900498D76 /* CoreVideo.framework */; };
		1933338B234DD1D300498D76 /* libbz2.tbd in Frameworks */ = {isa = PBXBuildFile; fileRef = 1933338A234DD1D300498D76 /* libbz2.tbd */; };
		1933338D234DD1DE00498D76 /* libz.tbd in Frameworks */ = {isa = PBXBuildFile; fileRef = 1933338C234DD1DE00498D76 /* libz.tbd */; };
		1933338F234DD1E800498D76 /* MediaPlayer.framework in Frameworks */ = {isa = PBXBuildFile; fileRef = 1933338E234DD1E800498D76 /* MediaPlayer.framework */; };
		19333391234DD1F100498D76 /* MobileCoreServices.framework in Frameworks */ = {isa = PBXBuildFile; fileRef = 19333390234DD1F100498D76 /* MobileCoreServices.framework */; };
		19333393234DD1FB00498D76 /* OpenGLES.framework in Frameworks */ = {isa = PBXBuildFile; fileRef = 19333392234DD1FB00498D76 /* OpenGLES.framework */; };
		19333395234DD20300498D76 /* QuartzCore.framework in Frameworks */ = {isa = PBXBuildFile; fileRef = 19333394234DD20300498D76 /* QuartzCore.framework */; };
		19333397234DD21100498D76 /* VideoToolbox.framework in Frameworks */ = {isa = PBXBuildFile; fileRef = 19333396234DD21100498D76 /* VideoToolbox.framework */; };
		1934795D232636D300138B36 /* HTZAudioPlayer.swift in Sources */ = {isa = PBXBuildFile; fileRef = 1934795C232636D300138B36 /* HTZAudioPlayer.swift */; };
		1935D54F2313CB3600FE2547 /* HTZProfileHeaderView.swift in Sources */ = {isa = PBXBuildFile; fileRef = 1935D54E2313CB3600FE2547 /* HTZProfileHeaderView.swift */; };
		1935D5512313D34D00FE2547 /* HTZProfileTableViewCell.swift in Sources */ = {isa = PBXBuildFile; fileRef = 1935D5502313D34D00FE2547 /* HTZProfileTableViewCell.swift */; };
		1936CADF231FA6E5001218DD /* HTZAlbumModel.swift in Sources */ = {isa = PBXBuildFile; fileRef = 1936CADE231FA6E5001218DD /* HTZAlbumModel.swift */; };
		193A8B902318C11A00B520B1 /* UIWindow+Extension.swift in Sources */ = {isa = PBXBuildFile; fileRef = 193A8B8F2318C11A00B520B1 /* UIWindow+Extension.swift */; };
		193A8B922318C62C00B520B1 /* UIViewController+Alert.swift in Sources */ = {isa = PBXBuildFile; fileRef = 193A8B912318C62C00B520B1 /* UIViewController+Alert.swift */; };
		193A8B942318C82000B520B1 /* CurrentViewControllerUtil.swift in Sources */ = {isa = PBXBuildFile; fileRef = 193A8B932318C82000B520B1 /* CurrentViewControllerUtil.swift */; };
		193A8B9623190ACB00B520B1 /* HTZSignUpViewController.swift in Sources */ = {isa = PBXBuildFile; fileRef = 193A8B9523190ACB00B520B1 /* HTZSignUpViewController.swift */; };
		193B866B2334A5C6006D4A3D /* HTZSaveDataModel.swift in Sources */ = {isa = PBXBuildFile; fileRef = 193B866A2334A5C6006D4A3D /* HTZSaveDataModel.swift */; };
		193B866D2334AB67006D4A3D /* HTZMyFavoriteViewController.swift in Sources */ = {isa = PBXBuildFile; fileRef = 193B866C2334AB67006D4A3D /* HTZMyFavoriteViewController.swift */; };
		193B866F2334ACCA006D4A3D /* HTZMyFavoriteCell.swift in Sources */ = {isa = PBXBuildFile; fileRef = 193B866E2334ACCA006D4A3D /* HTZMyFavoriteCell.swift */; };
		193B86712334CD03006D4A3D /* HTZMyDownloadedCell.swift in Sources */ = {isa = PBXBuildFile; fileRef = 193B86702334CD03006D4A3D /* HTZMyDownloadedCell.swift */; };
		193B86732334CE71006D4A3D /* HTZMyDownloadedViewController.swift in Sources */ = {isa = PBXBuildFile; fileRef = 193B86722334CE71006D4A3D /* HTZMyDownloadedViewController.swift */; };
		193C11072314C70E0038B8BD /* HTZLabelView.swift in Sources */ = {isa = PBXBuildFile; fileRef = 193C11062314C70E0038B8BD /* HTZLabelView.swift */; };
		193C11092314CB760038B8BD /* HTZProfileFunctionView.swift in Sources */ = {isa = PBXBuildFile; fileRef = 193C11082314CB760038B8BD /* HTZProfileFunctionView.swift */; };
		193C919E22FC099000E3AA4A /* HTZHomeTitleCollectionViewCell.swift in Sources */ = {isa = PBXBuildFile; fileRef = 193C919D22FC099000E3AA4A /* HTZHomeTitleCollectionViewCell.swift */; };
		193C91A022FC0B3600E3AA4A /* HTZHomeTitleModel.swift in Sources */ = {isa = PBXBuildFile; fileRef = 193C919F22FC0B3600E3AA4A /* HTZHomeTitleModel.swift */; };
		193C91A222FC0C6E00E3AA4A /* HTZHomeViewModel.swift in Sources */ = {isa = PBXBuildFile; fileRef = 193C91A122FC0C6E00E3AA4A /* HTZHomeViewModel.swift */; };
		193CB48423161CBE00A1B21F /* HTZLoginViewController.swift in Sources */ = {isa = PBXBuildFile; fileRef = 193CB48323161CBE00A1B21F /* HTZLoginViewController.swift */; };
		193CB4872316329D00A1B21F /* HTZConstans.swift in Sources */ = {isa = PBXBuildFile; fileRef = 193CB4862316329D00A1B21F /* HTZConstans.swift */; };
		193D6F2423320AC8004BF5FB /* HTZMyDownloadedAlbumViewController.swift in Sources */ = {isa = PBXBuildFile; fileRef = 193D6F2323320AC8004BF5FB /* HTZMyDownloadedAlbumViewController.swift */; };
		193D6F2623320B07004BF5FB /* HTZMyFavoriteAlbumViewController.swift in Sources */ = {isa = PBXBuildFile; fileRef = 193D6F2523320B07004BF5FB /* HTZMyFavoriteAlbumViewController.swift */; };
		193D6F2823320C2B004BF5FB /* HTZMyDownloadedAlbumCell.swift in Sources */ = {isa = PBXBuildFile; fileRef = 193D6F2723320C2B004BF5FB /* HTZMyDownloadedAlbumCell.swift */; };
		193D6F2A23320C43004BF5FB /* HTZMyFavoriteAlbumCell.swift in Sources */ = {isa = PBXBuildFile; fileRef = 193D6F2923320C43004BF5FB /* HTZMyFavoriteAlbumCell.swift */; };
		193D7D8823273857001A5F21 /* HTZSliderView.swift in Sources */ = {isa = PBXBuildFile; fileRef = 193D7D8723273857001A5F21 /* HTZSliderView.swift */; };
		193D7D8A2327574E001A5F21 /* HTZMusicControlView.swift in Sources */ = {isa = PBXBuildFile; fileRef = 193D7D892327574E001A5F21 /* HTZMusicControlView.swift */; };
		193D7D8C23277090001A5F21 /* HTZMusicTool.swift in Sources */ = {isa = PBXBuildFile; fileRef = 193D7D8B23277090001A5F21 /* HTZMusicTool.swift */; };
		193E5084231E635B000184EC /* HTZAlbumInfoModel.swift in Sources */ = {isa = PBXBuildFile; fileRef = 193E5083231E635B000184EC /* HTZAlbumInfoModel.swift */; };
		193E5086231E69BE000184EC /* HTZMusicPlayTool.swift in Sources */ = {isa = PBXBuildFile; fileRef = 193E5085231E69BE000184EC /* HTZMusicPlayTool.swift */; };
		193E5088231E7184000184EC /* HTZMusicOperationTool.swift in Sources */ = {isa = PBXBuildFile; fileRef = 193E5087231E7184000184EC /* HTZMusicOperationTool.swift */; };
		193F560523209AFD0037BC70 /* HTZHomeSearchView.swift in Sources */ = {isa = PBXBuildFile; fileRef = 193F560423209AFD0037BC70 /* HTZHomeSearchView.swift */; };
		193F56072320AA680037BC70 /* HTZAlbumListViewModel.swift in Sources */ = {isa = PBXBuildFile; fileRef = 193F56062320AA680037BC70 /* HTZAlbumListViewModel.swift */; };
		193F56092320AE500037BC70 /* HTZAlbumPartModel.swift in Sources */ = {isa = PBXBuildFile; fileRef = 193F56082320AE500037BC70 /* HTZAlbumPartModel.swift */; };
		193F560B2320F5450037BC70 /* HTZDownloadManager.swift in Sources */ = {isa = PBXBuildFile; fileRef = 193F560A2320F5450037BC70 /* HTZDownloadManager.swift */; };
		193F560D2320FD120037BC70 /* HTZDownloadModel.swift in Sources */ = {isa = PBXBuildFile; fileRef = 193F560C2320FD120037BC70 /* HTZDownloadModel.swift */; };
		1942E1692329D575007E7C36 /* HTZLyricParser.swift in Sources */ = {isa = PBXBuildFile; fileRef = 1942E1682329D575007E7C36 /* HTZLyricParser.swift */; };
		19444CFA22F92D0D0063EF38 /* HTZSearchView.swift in Sources */ = {isa = PBXBuildFile; fileRef = 19444CF922F92D0D0063EF38 /* HTZSearchView.swift */; };
		19444CFC22F97B050063EF38 /* HTZCycleView.swift in Sources */ = {isa = PBXBuildFile; fileRef = 19444CFB22F97B050063EF38 /* HTZCycleView.swift */; };
		1946C4A6231F4FAC00808F3C /* music.mp3 in Resources */ = {isa = PBXBuildFile; fileRef = 1946C4A4231F4FAC00808F3C /* music.mp3 */; };
		1946C4A7231F4FAC00808F3C /* xfnxc_441.lrc in Resources */ = {isa = PBXBuildFile; fileRef = 1946C4A5231F4FAC00808F3C /* xfnxc_441.lrc */; };
		1946C4AA231F508400808F3C /* HTZMusicModel.swift in Sources */ = {isa = PBXBuildFile; fileRef = 1946C4A9231F508400808F3C /* HTZMusicModel.swift */; };
		1946C4AC231F509900808F3C /* HTZMusicMessageModel.swift in Sources */ = {isa = PBXBuildFile; fileRef = 1946C4AB231F509900808F3C /* HTZMusicMessageModel.swift */; };
		1946C4AE231F61F500808F3C /* HTZLrcDataTool.swift in Sources */ = {isa = PBXBuildFile; fileRef = 1946C4AD231F61F500808F3C /* HTZLrcDataTool.swift */; };
		1946C4B0231F620500808F3C /* HTZLrcModel.swift in Sources */ = {isa = PBXBuildFile; fileRef = 1946C4AF231F620500808F3C /* HTZLrcModel.swift */; };
		1946C4B2231F6E9300808F3C /* UIImage+extension.swift in Sources */ = {isa = PBXBuildFile; fileRef = 1946C4B1231F6E9300808F3C /* UIImage+extension.swift */; };
		1947F4F822FA5A9500B57813 /* HTZHomeTitleCollectionView.swift in Sources */ = {isa = PBXBuildFile; fileRef = 1947F4F722FA5A9500B57813 /* HTZHomeTitleCollectionView.swift */; };
		1947F4FA22FA5E9E00B57813 /* LeftTitleRightImageButton.swift in Sources */ = {isa = PBXBuildFile; fileRef = 1947F4F922FA5E9E00B57813 /* LeftTitleRightImageButton.swift */; };
		19492EE92356AD6E00D24278 /* HTZSearchViewController.swift in Sources */ = {isa = PBXBuildFile; fileRef = 19492EE82356AD6E00D24278 /* HTZSearchViewController.swift */; };
		19492EEB2356EF4600D24278 /* HTZVideoPlayTableViewController.swift in Sources */ = {isa = PBXBuildFile; fileRef = 19492EEA2356EF4600D24278 /* HTZVideoPlayTableViewController.swift */; };
		19492EED2356EFEA00D24278 /* HTZVideoPlayCell.swift in Sources */ = {isa = PBXBuildFile; fileRef = 19492EEC2356EFEA00D24278 /* HTZVideoPlayCell.swift */; };
		194E175B23517FBC008F7BFF /* IJKMediaFramework.framework in Frameworks */ = {isa = PBXBuildFile; fileRef = 194E175A23517FBC008F7BFF /* IJKMediaFramework.framework */; };
		194E175E23518824008F7BFF /* DeviceTool.m in Sources */ = {isa = PBXBuildFile; fileRef = 194E175D23518824008F7BFF /* DeviceTool.m */; };
		194E215E22B0E9F2000F96D4 /* PhotoManager.swift in Sources */ = {isa = PBXBuildFile; fileRef = 194E215D22B0E9F2000F96D4 /* PhotoManager.swift */; };
		19507C692328F156005FE7BD /* HTZMusicLyricView.swift in Sources */ = {isa = PBXBuildFile; fileRef = 19507C682328F156005FE7BD /* HTZMusicLyricView.swift */; };
		19507C6B2328F794005FE7BD /* HTZLyricModel.swift in Sources */ = {isa = PBXBuildFile; fileRef = 19507C6A2328F794005FE7BD /* HTZLyricModel.swift */; };
		19510C7D22A798840067AA5D /* Constant.swift in Sources */ = {isa = PBXBuildFile; fileRef = 19510C7C22A798840067AA5D /* Constant.swift */; };
		19585DB123177B1C009536EE /* HTZNetWorkManager.swift in Sources */ = {isa = PBXBuildFile; fileRef = 19585DB023177B1C009536EE /* HTZNetWorkManager.swift */; };
		19585DB323177C75009536EE /* API.swift in Sources */ = {isa = PBXBuildFile; fileRef = 19585DB223177C75009536EE /* API.swift */; };
		19585DB523177D13009536EE /* MoyaConfig.swift in Sources */ = {isa = PBXBuildFile; fileRef = 19585DB423177D13009536EE /* MoyaConfig.swift */; };
		19585DBD2317B902009536EE /* AppDelegate+OAuth.swift in Sources */ = {isa = PBXBuildFile; fileRef = 19585DBC2317B902009536EE /* AppDelegate+OAuth.swift */; };
		19585DBF2317DC14009536EE /* HTZAccountThirdLoginUtil.swift in Sources */ = {isa = PBXBuildFile; fileRef = 19585DBE2317DC14009536EE /* HTZAccountThirdLoginUtil.swift */; };
		195C194722B24397002E8A04 /* BaseTabBarController.swift in Sources */ = {isa = PBXBuildFile; fileRef = 195C194622B24397002E8A04 /* BaseTabBarController.swift */; };
		195C194922B243D1002E8A04 /* BaseTabBar.swift in Sources */ = {isa = PBXBuildFile; fileRef = 195C194822B243D1002E8A04 /* BaseTabBar.swift */; };
		195C194C22B245FA002E8A04 /* HTZNavigationController.swift in Sources */ = {isa = PBXBuildFile; fileRef = 195C194B22B245FA002E8A04 /* HTZNavigationController.swift */; };
		195C194E22B24745002E8A04 /* UIBarButtonItem+Extension.swift in Sources */ = {isa = PBXBuildFile; fileRef = 195C194D22B24745002E8A04 /* UIBarButtonItem+Extension.swift */; };
		195C195022B24847002E8A04 /* HTZTabbarViewController.swift in Sources */ = {isa = PBXBuildFile; fileRef = 195C194F22B24847002E8A04 /* HTZTabbarViewController.swift */; };
		195C195422B249A6002E8A04 /* menu.json in Resources */ = {isa = PBXBuildFile; fileRef = 195C195322B249A6002E8A04 /* menu.json */; };
		195C195622B24A6F002E8A04 /* HTZProfileViewController.swift in Sources */ = {isa = PBXBuildFile; fileRef = 195C195522B24A6F002E8A04 /* HTZProfileViewController.swift */; };
		195C195822B24AA0002E8A04 /* HTZLearnClassicsViewController.swift in Sources */ = {isa = PBXBuildFile; fileRef = 195C195722B24AA0002E8A04 /* HTZLearnClassicsViewController.swift */; };
		195C195A22B24ABB002E8A04 /* HTZPlayViewController.swift in Sources */ = {isa = PBXBuildFile; fileRef = 195C195922B24ABB002E8A04 /* HTZPlayViewController.swift */; };
		195C195C22B24ACD002E8A04 /* HTZReadClassicsViewController.swift in Sources */ = {isa = PBXBuildFile; fileRef = 195C195B22B24ACD002E8A04 /* HTZReadClassicsViewController.swift */; };
		195C195E22B24ADC002E8A04 /* HTZHomeViewController.swift in Sources */ = {isa = PBXBuildFile; fileRef = 195C195D22B24ADC002E8A04 /* HTZHomeViewController.swift */; };
		195C19C822B25BE5002E8A04 /* JsonHelper.swift in Sources */ = {isa = PBXBuildFile; fileRef = 195C19C722B25BE5002E8A04 /* JsonHelper.swift */; };
		195DDD2022AF944100C5F04C /* UIColor+Extension.swift in Sources */ = {isa = PBXBuildFile; fileRef = 195DDD1F22AF944100C5F04C /* UIColor+Extension.swift */; };
		195DDD2222AF970D00C5F04C /* String+Extension.swift in Sources */ = {isa = PBXBuildFile; fileRef = 195DDD2122AF970D00C5F04C /* String+Extension.swift */; };
		195DDD2422AF9E8500C5F04C /* Date+Extension.swift in Sources */ = {isa = PBXBuildFile; fileRef = 195DDD2322AF9E8500C5F04C /* Date+Extension.swift */; };
		195DDD2622AFAF5B00C5F04C /* UILabel+Extension.swift in Sources */ = {isa = PBXBuildFile; fileRef = 195DDD2522AFAF5B00C5F04C /* UILabel+Extension.swift */; };
		195DDD2822AFAF9000C5F04C /* UIView+Extension.swift in Sources */ = {isa = PBXBuildFile; fileRef = 195DDD2722AFAF9000C5F04C /* UIView+Extension.swift */; };
		195DDD2A22AFAFC300C5F04C /* UIButton+Extension.swift in Sources */ = {isa = PBXBuildFile; fileRef = 195DDD2922AFAFC300C5F04C /* UIButton+Extension.swift */; };
		195DDD2D22AFB0B800C5F04C /* RegexHelper.swift in Sources */ = {isa = PBXBuildFile; fileRef = 195DDD2C22AFB0B800C5F04C /* RegexHelper.swift */; };
		195DDD2F22AFB1D900C5F04C /* HTZBaseViewController.swift in Sources */ = {isa = PBXBuildFile; fileRef = 195DDD2E22AFB1D900C5F04C /* HTZBaseViewController.swift */; };
		195DDD3122AFB21F00C5F04C /* BaseView.swift in Sources */ = {isa = PBXBuildFile; fileRef = 195DDD3022AFB21F00C5F04C /* BaseView.swift */; };
		195DDD3322AFB24B00C5F04C /* BaseTableViewCell.swift in Sources */ = {isa = PBXBuildFile; fileRef = 195DDD3222AFB24B00C5F04C /* BaseTableViewCell.swift */; };
		195DDD3522AFB29400C5F04C /* BaseCollectionViewCell.swift in Sources */ = {isa = PBXBuildFile; fileRef = 195DDD3422AFB29400C5F04C /* BaseCollectionViewCell.swift */; };
		195DDD3722AFB2E900C5F04C /* BaseModel.swift in Sources */ = {isa = PBXBuildFile; fileRef = 195DDD3622AFB2E900C5F04C /* BaseModel.swift */; };
		195DDD3922AFB30700C5F04C /* BaseViewModel.swift in Sources */ = {isa = PBXBuildFile; fileRef = 195DDD3822AFB30700C5F04C /* BaseViewModel.swift */; };
		1965FB132355851500924EF6 /* YYRUtilities.swift in Sources */ = {isa = PBXBuildFile; fileRef = 1965FB122355851500924EF6 /* YYRUtilities.swift */; };
		1965FB162355948B00924EF6 /* ZFIJKPlayerManager.m in Sources */ = {isa = PBXBuildFile; fileRef = 1965FB142355948B00924EF6 /* ZFIJKPlayerManager.m */; };
		1965FB1A23559DC900924EF6 /* HTZVideoModel.swift in Sources */ = {isa = PBXBuildFile; fileRef = 1965FB1923559DC900924EF6 /* HTZVideoModel.swift */; };
		1965FB1C23559E7500924EF6 /* HTZVideoPlayViewController.swift in Sources */ = {isa = PBXBuildFile; fileRef = 1965FB1B23559E7500924EF6 /* HTZVideoPlayViewController.swift */; };
		1971F391231CB5C0002FFF42 /* HTZAlbumListViewController.swift in Sources */ = {isa = PBXBuildFile; fileRef = 1971F390231CB5C0002FFF42 /* HTZAlbumListViewController.swift */; };
		1971F393231CB7CD002FFF42 /* Bundle+extension.swift in Sources */ = {isa = PBXBuildFile; fileRef = 1971F392231CB7CD002FFF42 /* Bundle+extension.swift */; };
		1971F395231CCA8C002FFF42 /* UIImageView+extension.swift in Sources */ = {isa = PBXBuildFile; fileRef = 1971F394231CCA8C002FFF42 /* UIImageView+extension.swift */; };
		1971F397231CFBBF002FFF42 /* HTZAlbumListCell.swift in Sources */ = {isa = PBXBuildFile; fileRef = 1971F396231CFBBF002FFF42 /* HTZAlbumListCell.swift */; };
		1978C4142359552E00C0326A /* HTZToDownloadListViewController.swift in Sources */ = {isa = PBXBuildFile; fileRef = 1978C4132359552E00C0326A /* HTZToDownloadListViewController.swift */; };
		1978C4162359559700C0326A /* HTZToDownloadListCell.swift in Sources */ = {isa = PBXBuildFile; fileRef = 1978C4152359559700C0326A /* HTZToDownloadListCell.swift */; };
		1978C418235988A800C0326A /* HTZMusicListView.swift in Sources */ = {isa = PBXBuildFile; fileRef = 1978C417235988A800C0326A /* HTZMusicListView.swift */; };
		19A957EF229BC716007B48ED /* AppDelegate.swift in Sources */ = {isa = PBXBuildFile; fileRef = 19A957EE229BC716007B48ED /* AppDelegate.swift */; };
		19A957F1229BC716007B48ED /* ViewController.swift in Sources */ = {isa = PBXBuildFile; fileRef = 19A957F0229BC716007B48ED /* ViewController.swift */; };
		19A957F4229BC716007B48ED /* Main.storyboard in Resources */ = {isa = PBXBuildFile; fileRef = 19A957F2229BC716007B48ED /* Main.storyboard */; };
		19A957F7229BC716007B48ED /* htz.xcdatamodeld in Sources */ = {isa = PBXBuildFile; fileRef = 19A957F5229BC716007B48ED /* htz.xcdatamodeld */; };
		19A957F9229BC717007B48ED /* Assets.xcassets in Resources */ = {isa = PBXBuildFile; fileRef = 19A957F8229BC717007B48ED /* Assets.xcassets */; };
		19A957FC229BC717007B48ED /* LaunchScreen.storyboard in Resources */ = {isa = PBXBuildFile; fileRef = 19A957FA229BC717007B48ED /* LaunchScreen.storyboard */; };
		19A95807229BC718007B48ED /* htzTests.swift in Sources */ = {isa = PBXBuildFile; fileRef = 19A95806229BC718007B48ED /* htzTests.swift */; };
		19A95812229BC718007B48ED /* htzUITests.swift in Sources */ = {isa = PBXBuildFile; fileRef = 19A95811229BC718007B48ED /* htzUITests.swift */; };
		7499498FC650705EDB86F7A6 /* Pods_htzUITests.framework in Frameworks */ = {isa = PBXBuildFile; fileRef = A12A440892FCB15F6F9A7461 /* Pods_htzUITests.framework */; };
		8873886FAD3016FFFE04BCDB /* Pods_htzTests.framework in Frameworks */ = {isa = PBXBuildFile; fileRef = C6282761BE57BC50497E9304 /* Pods_htzTests.framework */; };
		CD7D274F1E09B0A74A746E4F /* Pods_htz.framework in Frameworks */ = {isa = PBXBuildFile; fileRef = 71BF73B9950DB665562A181D /* Pods_htz.framework */; };
/* End PBXBuildFile section */

/* Begin PBXContainerItemProxy section */
		19A95803229BC718007B48ED /* PBXContainerItemProxy */ = {
			isa = PBXContainerItemProxy;
			containerPortal = 19A957E3229BC716007B48ED /* Project object */;
			proxyType = 1;
			remoteGlobalIDString = 19A957EA229BC716007B48ED;
			remoteInfo = htz;
		};
		19A9580E229BC718007B48ED /* PBXContainerItemProxy */ = {
			isa = PBXContainerItemProxy;
			containerPortal = 19A957E3229BC716007B48ED /* Project object */;
			proxyType = 1;
			remoteGlobalIDString = 19A957EA229BC716007B48ED;
			remoteInfo = htz;
		};
/* End PBXContainerItemProxy section */

/* Begin PBXFileReference section */
		0FCE7CB6951C7E7FCDE953D1 /* Pods-htz.debug.xcconfig */ = {isa = PBXFileReference; includeInIndex = 1; lastKnownFileType = text.xcconfig; name = "Pods-htz.debug.xcconfig"; path = "Pods/Target Support Files/Pods-htz/Pods-htz.debug.xcconfig"; sourceTree = "<group>"; };
		19333380234DD1A000498D76 /* AudioToolbox.framework */ = {isa = PBXFileReference; lastKnownFileType = wrapper.framework; name = AudioToolbox.framework; path = System/Library/Frameworks/AudioToolbox.framework; sourceTree = SDKROOT; };
		19333382234DD1AB00498D76 /* AVFoundation.framework */ = {isa = PBXFileReference; lastKnownFileType = wrapper.framework; name = AVFoundation.framework; path = System/Library/Frameworks/AVFoundation.framework; sourceTree = SDKROOT; };
		19333384234DD1B500498D76 /* CoreGraphics.framework */ = {isa = PBXFileReference; lastKnownFileType = wrapper.framework; name = CoreGraphics.framework; path = System/Library/Frameworks/CoreGraphics.framework; sourceTree = SDKROOT; };
		19333386234DD1BF00498D76 /* CoreMedia.framework */ = {isa = PBXFileReference; lastKnownFileType = wrapper.framework; name = CoreMedia.framework; path = System/Library/Frameworks/CoreMedia.framework; sourceTree = SDKROOT; };
		19333388234DD1C900498D76 /* CoreVideo.framework */ = {isa = PBXFileReference; lastKnownFileType = wrapper.framework; name = CoreVideo.framework; path = System/Library/Frameworks/CoreVideo.framework; sourceTree = SDKROOT; };
		1933338A234DD1D300498D76 /* libbz2.tbd */ = {isa = PBXFileReference; lastKnownFileType = "sourcecode.text-based-dylib-definition"; name = libbz2.tbd; path = usr/lib/libbz2.tbd; sourceTree = SDKROOT; };
		1933338C234DD1DE00498D76 /* libz.tbd */ = {isa = PBXFileReference; lastKnownFileType = "sourcecode.text-based-dylib-definition"; name = libz.tbd; path = usr/lib/libz.tbd; sourceTree = SDKROOT; };
		1933338E234DD1E800498D76 /* MediaPlayer.framework */ = {isa = PBXFileReference; lastKnownFileType = wrapper.framework; name = MediaPlayer.framework; path = System/Library/Frameworks/MediaPlayer.framework; sourceTree = SDKROOT; };
		19333390234DD1F100498D76 /* MobileCoreServices.framework */ = {isa = PBXFileReference; lastKnownFileType = wrapper.framework; name = MobileCoreServices.framework; path = System/Library/Frameworks/MobileCoreServices.framework; sourceTree = SDKROOT; };
		19333392234DD1FB00498D76 /* OpenGLES.framework */ = {isa = PBXFileReference; lastKnownFileType = wrapper.framework; name = OpenGLES.framework; path = System/Library/Frameworks/OpenGLES.framework; sourceTree = SDKROOT; };
		19333394234DD20300498D76 /* QuartzCore.framework */ = {isa = PBXFileReference; lastKnownFileType = wrapper.framework; name = QuartzCore.framework; path = System/Library/Frameworks/QuartzCore.framework; sourceTree = SDKROOT; };
		19333396234DD21100498D76 /* VideoToolbox.framework */ = {isa = PBXFileReference; lastKnownFileType = wrapper.framework; name = VideoToolbox.framework; path = System/Library/Frameworks/VideoToolbox.framework; sourceTree = SDKROOT; };
		1934795C232636D300138B36 /* HTZAudioPlayer.swift */ = {isa = PBXFileReference; lastKnownFileType = sourcecode.swift; path = HTZAudioPlayer.swift; sourceTree = "<group>"; };
		1935D54E2313CB3600FE2547 /* HTZProfileHeaderView.swift */ = {isa = PBXFileReference; lastKnownFileType = sourcecode.swift; path = HTZProfileHeaderView.swift; sourceTree = "<group>"; };
		1935D5502313D34D00FE2547 /* HTZProfileTableViewCell.swift */ = {isa = PBXFileReference; lastKnownFileType = sourcecode.swift; path = HTZProfileTableViewCell.swift; sourceTree = "<group>"; };
		1936CADE231FA6E5001218DD /* HTZAlbumModel.swift */ = {isa = PBXFileReference; lastKnownFileType = sourcecode.swift; path = HTZAlbumModel.swift; sourceTree = "<group>"; };
		193A8B8F2318C11A00B520B1 /* UIWindow+Extension.swift */ = {isa = PBXFileReference; lastKnownFileType = sourcecode.swift; path = "UIWindow+Extension.swift"; sourceTree = "<group>"; };
		193A8B912318C62C00B520B1 /* UIViewController+Alert.swift */ = {isa = PBXFileReference; lastKnownFileType = sourcecode.swift; path = "UIViewController+Alert.swift"; sourceTree = "<group>"; };
		193A8B932318C82000B520B1 /* CurrentViewControllerUtil.swift */ = {isa = PBXFileReference; lastKnownFileType = sourcecode.swift; path = CurrentViewControllerUtil.swift; sourceTree = "<group>"; };
		193A8B9523190ACB00B520B1 /* HTZSignUpViewController.swift */ = {isa = PBXFileReference; lastKnownFileType = sourcecode.swift; path = HTZSignUpViewController.swift; sourceTree = "<group>"; };
		193B866A2334A5C6006D4A3D /* HTZSaveDataModel.swift */ = {isa = PBXFileReference; lastKnownFileType = sourcecode.swift; path = HTZSaveDataModel.swift; sourceTree = "<group>"; };
		193B866C2334AB67006D4A3D /* HTZMyFavoriteViewController.swift */ = {isa = PBXFileReference; lastKnownFileType = sourcecode.swift; path = HTZMyFavoriteViewController.swift; sourceTree = "<group>"; };
		193B866E2334ACCA006D4A3D /* HTZMyFavoriteCell.swift */ = {isa = PBXFileReference; lastKnownFileType = sourcecode.swift; path = HTZMyFavoriteCell.swift; sourceTree = "<group>"; };
		193B86702334CD03006D4A3D /* HTZMyDownloadedCell.swift */ = {isa = PBXFileReference; lastKnownFileType = sourcecode.swift; path = HTZMyDownloadedCell.swift; sourceTree = "<group>"; };
		193B86722334CE71006D4A3D /* HTZMyDownloadedViewController.swift */ = {isa = PBXFileReference; lastKnownFileType = sourcecode.swift; path = HTZMyDownloadedViewController.swift; sourceTree = "<group>"; };
		193C11062314C70E0038B8BD /* HTZLabelView.swift */ = {isa = PBXFileReference; lastKnownFileType = sourcecode.swift; path = HTZLabelView.swift; sourceTree = "<group>"; };
		193C11082314CB760038B8BD /* HTZProfileFunctionView.swift */ = {isa = PBXFileReference; lastKnownFileType = sourcecode.swift; path = HTZProfileFunctionView.swift; sourceTree = "<group>"; };
		193C919D22FC099000E3AA4A /* HTZHomeTitleCollectionViewCell.swift */ = {isa = PBXFileReference; lastKnownFileType = sourcecode.swift; path = HTZHomeTitleCollectionViewCell.swift; sourceTree = "<group>"; };
		193C919F22FC0B3600E3AA4A /* HTZHomeTitleModel.swift */ = {isa = PBXFileReference; lastKnownFileType = sourcecode.swift; path = HTZHomeTitleModel.swift; sourceTree = "<group>"; };
		193C91A122FC0C6E00E3AA4A /* HTZHomeViewModel.swift */ = {isa = PBXFileReference; lastKnownFileType = sourcecode.swift; path = HTZHomeViewModel.swift; sourceTree = "<group>"; };
		193CB48323161CBE00A1B21F /* HTZLoginViewController.swift */ = {isa = PBXFileReference; lastKnownFileType = sourcecode.swift; path = HTZLoginViewController.swift; sourceTree = "<group>"; };
		193CB4862316329D00A1B21F /* HTZConstans.swift */ = {isa = PBXFileReference; lastKnownFileType = sourcecode.swift; path = HTZConstans.swift; sourceTree = "<group>"; };
		193D6F2323320AC8004BF5FB /* HTZMyDownloadedAlbumViewController.swift */ = {isa = PBXFileReference; lastKnownFileType = sourcecode.swift; path = HTZMyDownloadedAlbumViewController.swift; sourceTree = "<group>"; };
		193D6F2523320B07004BF5FB /* HTZMyFavoriteAlbumViewController.swift */ = {isa = PBXFileReference; lastKnownFileType = sourcecode.swift; path = HTZMyFavoriteAlbumViewController.swift; sourceTree = "<group>"; };
		193D6F2723320C2B004BF5FB /* HTZMyDownloadedAlbumCell.swift */ = {isa = PBXFileReference; lastKnownFileType = sourcecode.swift; path = HTZMyDownloadedAlbumCell.swift; sourceTree = "<group>"; };
		193D6F2923320C43004BF5FB /* HTZMyFavoriteAlbumCell.swift */ = {isa = PBXFileReference; lastKnownFileType = sourcecode.swift; path = HTZMyFavoriteAlbumCell.swift; sourceTree = "<group>"; };
		193D7D8723273857001A5F21 /* HTZSliderView.swift */ = {isa = PBXFileReference; lastKnownFileType = sourcecode.swift; path = HTZSliderView.swift; sourceTree = "<group>"; };
		193D7D892327574E001A5F21 /* HTZMusicControlView.swift */ = {isa = PBXFileReference; lastKnownFileType = sourcecode.swift; path = HTZMusicControlView.swift; sourceTree = "<group>"; };
		193D7D8B23277090001A5F21 /* HTZMusicTool.swift */ = {isa = PBXFileReference; lastKnownFileType = sourcecode.swift; path = HTZMusicTool.swift; sourceTree = "<group>"; };
		193E5083231E635B000184EC /* HTZAlbumInfoModel.swift */ = {isa = PBXFileReference; lastKnownFileType = sourcecode.swift; path = HTZAlbumInfoModel.swift; sourceTree = "<group>"; };
		193E5085231E69BE000184EC /* HTZMusicPlayTool.swift */ = {isa = PBXFileReference; lastKnownFileType = sourcecode.swift; path = HTZMusicPlayTool.swift; sourceTree = "<group>"; };
		193E5087231E7184000184EC /* HTZMusicOperationTool.swift */ = {isa = PBXFileReference; lastKnownFileType = sourcecode.swift; path = HTZMusicOperationTool.swift; sourceTree = "<group>"; };
		193F560423209AFD0037BC70 /* HTZHomeSearchView.swift */ = {isa = PBXFileReference; lastKnownFileType = sourcecode.swift; path = HTZHomeSearchView.swift; sourceTree = "<group>"; };
		193F56062320AA680037BC70 /* HTZAlbumListViewModel.swift */ = {isa = PBXFileReference; lastKnownFileType = sourcecode.swift; path = HTZAlbumListViewModel.swift; sourceTree = "<group>"; };
		193F56082320AE500037BC70 /* HTZAlbumPartModel.swift */ = {isa = PBXFileReference; lastKnownFileType = sourcecode.swift; path = HTZAlbumPartModel.swift; sourceTree = "<group>"; };
		193F560A2320F5450037BC70 /* HTZDownloadManager.swift */ = {isa = PBXFileReference; lastKnownFileType = sourcecode.swift; path = HTZDownloadManager.swift; sourceTree = "<group>"; };
		193F560C2320FD120037BC70 /* HTZDownloadModel.swift */ = {isa = PBXFileReference; lastKnownFileType = sourcecode.swift; path = HTZDownloadModel.swift; sourceTree = "<group>"; };
		1942E1682329D575007E7C36 /* HTZLyricParser.swift */ = {isa = PBXFileReference; lastKnownFileType = sourcecode.swift; path = HTZLyricParser.swift; sourceTree = "<group>"; };
		19444CF922F92D0D0063EF38 /* HTZSearchView.swift */ = {isa = PBXFileReference; lastKnownFileType = sourcecode.swift; path = HTZSearchView.swift; sourceTree = "<group>"; };
		19444CFB22F97B050063EF38 /* HTZCycleView.swift */ = {isa = PBXFileReference; lastKnownFileType = sourcecode.swift; path = HTZCycleView.swift; sourceTree = "<group>"; };
		1946C4A4231F4FAC00808F3C /* music.mp3 */ = {isa = PBXFileReference; lastKnownFileType = audio.mp3; path = music.mp3; sourceTree = "<group>"; };
		1946C4A5231F4FAC00808F3C /* xfnxc_441.lrc */ = {isa = PBXFileReference; fileEncoding = 4; lastKnownFileType = text; path = xfnxc_441.lrc; sourceTree = "<group>"; };
		1946C4A9231F508400808F3C /* HTZMusicModel.swift */ = {isa = PBXFileReference; lastKnownFileType = sourcecode.swift; path = HTZMusicModel.swift; sourceTree = "<group>"; };
		1946C4AB231F509900808F3C /* HTZMusicMessageModel.swift */ = {isa = PBXFileReference; lastKnownFileType = sourcecode.swift; path = HTZMusicMessageModel.swift; sourceTree = "<group>"; };
		1946C4AD231F61F500808F3C /* HTZLrcDataTool.swift */ = {isa = PBXFileReference; lastKnownFileType = sourcecode.swift; path = HTZLrcDataTool.swift; sourceTree = "<group>"; };
		1946C4AF231F620500808F3C /* HTZLrcModel.swift */ = {isa = PBXFileReference; lastKnownFileType = sourcecode.swift; path = HTZLrcModel.swift; sourceTree = "<group>"; };
		1946C4B1231F6E9300808F3C /* UIImage+extension.swift */ = {isa = PBXFileReference; lastKnownFileType = sourcecode.swift; path = "UIImage+extension.swift"; sourceTree = "<group>"; };
		1947F4F722FA5A9500B57813 /* HTZHomeTitleCollectionView.swift */ = {isa = PBXFileReference; lastKnownFileType = sourcecode.swift; path = HTZHomeTitleCollectionView.swift; sourceTree = "<group>"; };
		1947F4F922FA5E9E00B57813 /* LeftTitleRightImageButton.swift */ = {isa = PBXFileReference; lastKnownFileType = sourcecode.swift; path = LeftTitleRightImageButton.swift; sourceTree = "<group>"; };
		19492EE82356AD6E00D24278 /* HTZSearchViewController.swift */ = {isa = PBXFileReference; lastKnownFileType = sourcecode.swift; path = HTZSearchViewController.swift; sourceTree = "<group>"; };
		19492EEA2356EF4600D24278 /* HTZVideoPlayTableViewController.swift */ = {isa = PBXFileReference; lastKnownFileType = sourcecode.swift; path = HTZVideoPlayTableViewController.swift; sourceTree = "<group>"; };
		19492EEC2356EFEA00D24278 /* HTZVideoPlayCell.swift */ = {isa = PBXFileReference; lastKnownFileType = sourcecode.swift; path = HTZVideoPlayCell.swift; sourceTree = "<group>"; };
		194E175A23517FBC008F7BFF /* IJKMediaFramework.framework */ = {isa = PBXFileReference; lastKnownFileType = wrapper.framework; path = IJKMediaFramework.framework; sourceTree = "<group>"; };
		194E175C23518824008F7BFF /* DeviceTool.h */ = {isa = PBXFileReference; lastKnownFileType = sourcecode.c.h; path = DeviceTool.h; sourceTree = "<group>"; };
		194E175D23518824008F7BFF /* DeviceTool.m */ = {isa = PBXFileReference; lastKnownFileType = sourcecode.c.objc; path = DeviceTool.m; sourceTree = "<group>"; };
		194E215D22B0E9F2000F96D4 /* PhotoManager.swift */ = {isa = PBXFileReference; lastKnownFileType = sourcecode.swift; path = PhotoManager.swift; sourceTree = "<group>"; };
		19507C682328F156005FE7BD /* HTZMusicLyricView.swift */ = {isa = PBXFileReference; lastKnownFileType = sourcecode.swift; path = HTZMusicLyricView.swift; sourceTree = "<group>"; };
		19507C6A2328F794005FE7BD /* HTZLyricModel.swift */ = {isa = PBXFileReference; lastKnownFileType = sourcecode.swift; path = HTZLyricModel.swift; sourceTree = "<group>"; };
		19510C7C22A798840067AA5D /* Constant.swift */ = {isa = PBXFileReference; lastKnownFileType = sourcecode.swift; path = Constant.swift; sourceTree = "<group>"; };
		19585DB023177B1C009536EE /* HTZNetWorkManager.swift */ = {isa = PBXFileReference; lastKnownFileType = sourcecode.swift; path = HTZNetWorkManager.swift; sourceTree = "<group>"; };
		19585DB223177C75009536EE /* API.swift */ = {isa = PBXFileReference; lastKnownFileType = sourcecode.swift; path = API.swift; sourceTree = "<group>"; };
		19585DB423177D13009536EE /* MoyaConfig.swift */ = {isa = PBXFileReference; lastKnownFileType = sourcecode.swift; path = MoyaConfig.swift; sourceTree = "<group>"; };
		19585DB82317B550009536EE /* htz-Bridging-Header.h */ = {isa = PBXFileReference; lastKnownFileType = sourcecode.c.h; path = "htz-Bridging-Header.h"; sourceTree = "<group>"; };
		19585DBC2317B902009536EE /* AppDelegate+OAuth.swift */ = {isa = PBXFileReference; lastKnownFileType = sourcecode.swift; path = "AppDelegate+OAuth.swift"; sourceTree = "<group>"; };
		19585DBE2317DC14009536EE /* HTZAccountThirdLoginUtil.swift */ = {isa = PBXFileReference; lastKnownFileType = sourcecode.swift; path = HTZAccountThirdLoginUtil.swift; sourceTree = "<group>"; };
		195C194622B24397002E8A04 /* BaseTabBarController.swift */ = {isa = PBXFileReference; lastKnownFileType = sourcecode.swift; path = BaseTabBarController.swift; sourceTree = "<group>"; };
		195C194822B243D1002E8A04 /* BaseTabBar.swift */ = {isa = PBXFileReference; lastKnownFileType = sourcecode.swift; path = BaseTabBar.swift; sourceTree = "<group>"; };
		195C194B22B245FA002E8A04 /* HTZNavigationController.swift */ = {isa = PBXFileReference; lastKnownFileType = sourcecode.swift; path = HTZNavigationController.swift; sourceTree = "<group>"; };
		195C194D22B24745002E8A04 /* UIBarButtonItem+Extension.swift */ = {isa = PBXFileReference; lastKnownFileType = sourcecode.swift; path = "UIBarButtonItem+Extension.swift"; sourceTree = "<group>"; };
		195C194F22B24847002E8A04 /* HTZTabbarViewController.swift */ = {isa = PBXFileReference; lastKnownFileType = sourcecode.swift; path = HTZTabbarViewController.swift; sourceTree = "<group>"; };
		195C195322B249A6002E8A04 /* menu.json */ = {isa = PBXFileReference; fileEncoding = 4; lastKnownFileType = text.json; path = menu.json; sourceTree = "<group>"; };
		195C195522B24A6F002E8A04 /* HTZProfileViewController.swift */ = {isa = PBXFileReference; lastKnownFileType = sourcecode.swift; path = HTZProfileViewController.swift; sourceTree = "<group>"; };
		195C195722B24AA0002E8A04 /* HTZLearnClassicsViewController.swift */ = {isa = PBXFileReference; lastKnownFileType = sourcecode.swift; path = HTZLearnClassicsViewController.swift; sourceTree = "<group>"; };
		195C195922B24ABB002E8A04 /* HTZPlayViewController.swift */ = {isa = PBXFileReference; lastKnownFileType = sourcecode.swift; path = HTZPlayViewController.swift; sourceTree = "<group>"; };
		195C195B22B24ACD002E8A04 /* HTZReadClassicsViewController.swift */ = {isa = PBXFileReference; lastKnownFileType = sourcecode.swift; path = HTZReadClassicsViewController.swift; sourceTree = "<group>"; };
		195C195D22B24ADC002E8A04 /* HTZHomeViewController.swift */ = {isa = PBXFileReference; lastKnownFileType = sourcecode.swift; path = HTZHomeViewController.swift; sourceTree = "<group>"; };
		195C19C722B25BE5002E8A04 /* JsonHelper.swift */ = {isa = PBXFileReference; lastKnownFileType = sourcecode.swift; path = JsonHelper.swift; sourceTree = "<group>"; };
		195DDD1F22AF944100C5F04C /* UIColor+Extension.swift */ = {isa = PBXFileReference; lastKnownFileType = sourcecode.swift; path = "UIColor+Extension.swift"; sourceTree = "<group>"; };
		195DDD2122AF970D00C5F04C /* String+Extension.swift */ = {isa = PBXFileReference; lastKnownFileType = sourcecode.swift; path = "String+Extension.swift"; sourceTree = "<group>"; };
		195DDD2322AF9E8500C5F04C /* Date+Extension.swift */ = {isa = PBXFileReference; lastKnownFileType = sourcecode.swift; path = "Date+Extension.swift"; sourceTree = "<group>"; };
		195DDD2522AFAF5B00C5F04C /* UILabel+Extension.swift */ = {isa = PBXFileReference; lastKnownFileType = sourcecode.swift; path = "UILabel+Extension.swift"; sourceTree = "<group>"; };
		195DDD2722AFAF9000C5F04C /* UIView+Extension.swift */ = {isa = PBXFileReference; lastKnownFileType = sourcecode.swift; path = "UIView+Extension.swift"; sourceTree = "<group>"; };
		195DDD2922AFAFC300C5F04C /* UIButton+Extension.swift */ = {isa = PBXFileReference; lastKnownFileType = sourcecode.swift; path = "UIButton+Extension.swift"; sourceTree = "<group>"; };
		195DDD2C22AFB0B800C5F04C /* RegexHelper.swift */ = {isa = PBXFileReference; lastKnownFileType = sourcecode.swift; path = RegexHelper.swift; sourceTree = "<group>"; };
		195DDD2E22AFB1D900C5F04C /* HTZBaseViewController.swift */ = {isa = PBXFileReference; lastKnownFileType = sourcecode.swift; path = HTZBaseViewController.swift; sourceTree = "<group>"; };
		195DDD3022AFB21F00C5F04C /* BaseView.swift */ = {isa = PBXFileReference; lastKnownFileType = sourcecode.swift; path = BaseView.swift; sourceTree = "<group>"; };
		195DDD3222AFB24B00C5F04C /* BaseTableViewCell.swift */ = {isa = PBXFileReference; lastKnownFileType = sourcecode.swift; path = BaseTableViewCell.swift; sourceTree = "<group>"; };
		195DDD3422AFB29400C5F04C /* BaseCollectionViewCell.swift */ = {isa = PBXFileReference; lastKnownFileType = sourcecode.swift; path = BaseCollectionViewCell.swift; sourceTree = "<group>"; };
		195DDD3622AFB2E900C5F04C /* BaseModel.swift */ = {isa = PBXFileReference; lastKnownFileType = sourcecode.swift; path = BaseModel.swift; sourceTree = "<group>"; };
		195DDD3822AFB30700C5F04C /* BaseViewModel.swift */ = {isa = PBXFileReference; lastKnownFileType = sourcecode.swift; path = BaseViewModel.swift; sourceTree = "<group>"; };
		1965FB122355851500924EF6 /* YYRUtilities.swift */ = {isa = PBXFileReference; lastKnownFileType = sourcecode.swift; path = YYRUtilities.swift; sourceTree = "<group>"; };
		1965FB142355948B00924EF6 /* ZFIJKPlayerManager.m */ = {isa = PBXFileReference; fileEncoding = 4; lastKnownFileType = sourcecode.c.objc; path = ZFIJKPlayerManager.m; sourceTree = "<group>"; };
		1965FB152355948B00924EF6 /* ZFIJKPlayerManager.h */ = {isa = PBXFileReference; fileEncoding = 4; lastKnownFileType = sourcecode.c.h; path = ZFIJKPlayerManager.h; sourceTree = "<group>"; };
		1965FB1923559DC900924EF6 /* HTZVideoModel.swift */ = {isa = PBXFileReference; lastKnownFileType = sourcecode.swift; path = HTZVideoModel.swift; sourceTree = "<group>"; };
		1965FB1B23559E7500924EF6 /* HTZVideoPlayViewController.swift */ = {isa = PBXFileReference; fileEncoding = 4; lastKnownFileType = sourcecode.swift; path = HTZVideoPlayViewController.swift; sourceTree = "<group>"; };
		1971F390231CB5C0002FFF42 /* HTZAlbumListViewController.swift */ = {isa = PBXFileReference; lastKnownFileType = sourcecode.swift; path = HTZAlbumListViewController.swift; sourceTree = "<group>"; };
		1971F392231CB7CD002FFF42 /* Bundle+extension.swift */ = {isa = PBXFileReference; lastKnownFileType = sourcecode.swift; path = "Bundle+extension.swift"; sourceTree = "<group>"; };
		1971F394231CCA8C002FFF42 /* UIImageView+extension.swift */ = {isa = PBXFileReference; lastKnownFileType = sourcecode.swift; path = "UIImageView+extension.swift"; sourceTree = "<group>"; };
		1971F396231CFBBF002FFF42 /* HTZAlbumListCell.swift */ = {isa = PBXFileReference; lastKnownFileType = sourcecode.swift; path = HTZAlbumListCell.swift; sourceTree = "<group>"; };
		1978C4132359552E00C0326A /* HTZToDownloadListViewController.swift */ = {isa = PBXFileReference; lastKnownFileType = sourcecode.swift; path = HTZToDownloadListViewController.swift; sourceTree = "<group>"; };
		1978C4152359559700C0326A /* HTZToDownloadListCell.swift */ = {isa = PBXFileReference; lastKnownFileType = sourcecode.swift; path = HTZToDownloadListCell.swift; sourceTree = "<group>"; };
		1978C417235988A800C0326A /* HTZMusicListView.swift */ = {isa = PBXFileReference; lastKnownFileType = sourcecode.swift; path = HTZMusicListView.swift; sourceTree = "<group>"; };
		19A957EB229BC716007B48ED /* htz.app */ = {isa = PBXFileReference; explicitFileType = wrapper.application; includeInIndex = 0; path = htz.app; sourceTree = BUILT_PRODUCTS_DIR; };
		19A957EE229BC716007B48ED /* AppDelegate.swift */ = {isa = PBXFileReference; lastKnownFileType = sourcecode.swift; path = AppDelegate.swift; sourceTree = "<group>"; };
		19A957F0229BC716007B48ED /* ViewController.swift */ = {isa = PBXFileReference; lastKnownFileType = sourcecode.swift; path = ViewController.swift; sourceTree = "<group>"; };
		19A957F3229BC716007B48ED /* Base */ = {isa = PBXFileReference; lastKnownFileType = file.storyboard; name = Base; path = Base.lproj/Main.storyboard; sourceTree = "<group>"; };
		19A957F6229BC716007B48ED /* htz.xcdatamodel */ = {isa = PBXFileReference; lastKnownFileType = wrapper.xcdatamodel; path = htz.xcdatamodel; sourceTree = "<group>"; };
		19A957F8229BC717007B48ED /* Assets.xcassets */ = {isa = PBXFileReference; lastKnownFileType = folder.assetcatalog; path = Assets.xcassets; sourceTree = "<group>"; };
		19A957FB229BC717007B48ED /* Base */ = {isa = PBXFileReference; lastKnownFileType = file.storyboard; name = Base; path = Base.lproj/LaunchScreen.storyboard; sourceTree = "<group>"; };
		19A957FD229BC717007B48ED /* Info.plist */ = {isa = PBXFileReference; lastKnownFileType = text.plist.xml; path = Info.plist; sourceTree = "<group>"; };
		19A95802229BC718007B48ED /* htzTests.xctest */ = {isa = PBXFileReference; explicitFileType = wrapper.cfbundle; includeInIndex = 0; path = htzTests.xctest; sourceTree = BUILT_PRODUCTS_DIR; };
		19A95806229BC718007B48ED /* htzTests.swift */ = {isa = PBXFileReference; lastKnownFileType = sourcecode.swift; path = htzTests.swift; sourceTree = "<group>"; };
		19A95808229BC718007B48ED /* Info.plist */ = {isa = PBXFileReference; lastKnownFileType = text.plist.xml; path = Info.plist; sourceTree = "<group>"; };
		19A9580D229BC718007B48ED /* htzUITests.xctest */ = {isa = PBXFileReference; explicitFileType = wrapper.cfbundle; includeInIndex = 0; path = htzUITests.xctest; sourceTree = BUILT_PRODUCTS_DIR; };
		19A95811229BC718007B48ED /* htzUITests.swift */ = {isa = PBXFileReference; lastKnownFileType = sourcecode.swift; path = htzUITests.swift; sourceTree = "<group>"; };
		19A95813229BC718007B48ED /* Info.plist */ = {isa = PBXFileReference; lastKnownFileType = text.plist.xml; path = Info.plist; sourceTree = "<group>"; };
		3C768F35F7899594EC38CE14 /* Pods-htzUITests.release.xcconfig */ = {isa = PBXFileReference; includeInIndex = 1; lastKnownFileType = text.xcconfig; name = "Pods-htzUITests.release.xcconfig"; path = "Pods/Target Support Files/Pods-htzUITests/Pods-htzUITests.release.xcconfig"; sourceTree = "<group>"; };
		549B0A80A97F5545FE963EF9 /* Pods-htzTests.release.xcconfig */ = {isa = PBXFileReference; includeInIndex = 1; lastKnownFileType = text.xcconfig; name = "Pods-htzTests.release.xcconfig"; path = "Pods/Target Support Files/Pods-htzTests/Pods-htzTests.release.xcconfig"; sourceTree = "<group>"; };
		71BF73B9950DB665562A181D /* Pods_htz.framework */ = {isa = PBXFileReference; explicitFileType = wrapper.framework; includeInIndex = 0; path = Pods_htz.framework; sourceTree = BUILT_PRODUCTS_DIR; };
		8604342CD5FF9885FB33B58D /* Pods-htzTests.debug.xcconfig */ = {isa = PBXFileReference; includeInIndex = 1; lastKnownFileType = text.xcconfig; name = "Pods-htzTests.debug.xcconfig"; path = "Pods/Target Support Files/Pods-htzTests/Pods-htzTests.debug.xcconfig"; sourceTree = "<group>"; };
		A12A440892FCB15F6F9A7461 /* Pods_htzUITests.framework */ = {isa = PBXFileReference; explicitFileType = wrapper.framework; includeInIndex = 0; path = Pods_htzUITests.framework; sourceTree = BUILT_PRODUCTS_DIR; };
		C6282761BE57BC50497E9304 /* Pods_htzTests.framework */ = {isa = PBXFileReference; explicitFileType = wrapper.framework; includeInIndex = 0; path = Pods_htzTests.framework; sourceTree = BUILT_PRODUCTS_DIR; };
		F127EE42E8BDF736AC6D000E /* Pods-htz.release.xcconfig */ = {isa = PBXFileReference; includeInIndex = 1; lastKnownFileType = text.xcconfig; name = "Pods-htz.release.xcconfig"; path = "Pods/Target Support Files/Pods-htz/Pods-htz.release.xcconfig"; sourceTree = "<group>"; };
		FA46C2838D74846154E8E939 /* Pods-htzUITests.debug.xcconfig */ = {isa = PBXFileReference; includeInIndex = 1; lastKnownFileType = text.xcconfig; name = "Pods-htzUITests.debug.xcconfig"; path = "Pods/Target Support Files/Pods-htzUITests/Pods-htzUITests.debug.xcconfig"; sourceTree = "<group>"; };
/* End PBXFileReference section */

/* Begin PBXFrameworksBuildPhase section */
		19A957E8229BC716007B48ED /* Frameworks */ = {
			isa = PBXFrameworksBuildPhase;
			buildActionMask = 2147483647;
			files = (
				19333397234DD21100498D76 /* VideoToolbox.framework in Frameworks */,
				19333395234DD20300498D76 /* QuartzCore.framework in Frameworks */,
				19333393234DD1FB00498D76 /* OpenGLES.framework in Frameworks */,
				19333391234DD1F100498D76 /* MobileCoreServices.framework in Frameworks */,
				1933338F234DD1E800498D76 /* MediaPlayer.framework in Frameworks */,
				1933338D234DD1DE00498D76 /* libz.tbd in Frameworks */,
				1933338B234DD1D300498D76 /* libbz2.tbd in Frameworks */,
				19333389234DD1C900498D76 /* CoreVideo.framework in Frameworks */,
				19333387234DD1BF00498D76 /* CoreMedia.framework in Frameworks */,
				19333385234DD1B500498D76 /* CoreGraphics.framework in Frameworks */,
				19333383234DD1AB00498D76 /* AVFoundation.framework in Frameworks */,
				19333381234DD1A000498D76 /* AudioToolbox.framework in Frameworks */,
				CD7D274F1E09B0A74A746E4F /* Pods_htz.framework in Frameworks */,
				194E175B23517FBC008F7BFF /* IJKMediaFramework.framework in Frameworks */,
			);
			runOnlyForDeploymentPostprocessing = 0;
		};
		19A957FF229BC718007B48ED /* Frameworks */ = {
			isa = PBXFrameworksBuildPhase;
			buildActionMask = 2147483647;
			files = (
				8873886FAD3016FFFE04BCDB /* Pods_htzTests.framework in Frameworks */,
			);
			runOnlyForDeploymentPostprocessing = 0;
		};
		19A9580A229BC718007B48ED /* Frameworks */ = {
			isa = PBXFrameworksBuildPhase;
			buildActionMask = 2147483647;
			files = (
				7499498FC650705EDB86F7A6 /* Pods_htzUITests.framework in Frameworks */,
			);
			runOnlyForDeploymentPostprocessing = 0;
		};
/* End PBXFrameworksBuildPhase section */

/* Begin PBXGroup section */
		19444CF422F92C290063EF38 /* Common */ = {
			isa = PBXGroup;
			children = (
				19444CF522F92C290063EF38 /* ViewModel */,
				19444CF622F92C290063EF38 /* Controller */,
				19444CF722F92C290063EF38 /* Model */,
				19444CF822F92C290063EF38 /* View */,
				1934795C232636D300138B36 /* HTZAudioPlayer.swift */,
				193F560A2320F5450037BC70 /* HTZDownloadManager.swift */,
				193F560C2320FD120037BC70 /* HTZDownloadModel.swift */,
				193D7D8B23277090001A5F21 /* HTZMusicTool.swift */,
				193B866A2334A5C6006D4A3D /* HTZSaveDataModel.swift */,
			);
			path = Common;
			sourceTree = "<group>";
		};
		19444CF522F92C290063EF38 /* ViewModel */ = {
			isa = PBXGroup;
			children = (
			);
			path = ViewModel;
			sourceTree = "<group>";
		};
		19444CF622F92C290063EF38 /* Controller */ = {
			isa = PBXGroup;
			children = (
			);
			path = Controller;
			sourceTree = "<group>";
		};
		19444CF722F92C290063EF38 /* Model */ = {
			isa = PBXGroup;
			children = (
			);
			path = Model;
			sourceTree = "<group>";
		};
		19444CF822F92C290063EF38 /* View */ = {
			isa = PBXGroup;
			children = (
				19444CF922F92D0D0063EF38 /* HTZSearchView.swift */,
				1947F4F922FA5E9E00B57813 /* LeftTitleRightImageButton.swift */,
				193D7D8723273857001A5F21 /* HTZSliderView.swift */,
			);
			path = View;
			sourceTree = "<group>";
		};
		19444CFD22F97B930063EF38 /* CycleScrollView */ = {
			isa = PBXGroup;
			children = (
				19444CFB22F97B050063EF38 /* HTZCycleView.swift */,
			);
			path = CycleScrollView;
			sourceTree = "<group>";
		};
		1946C4A8231F503100808F3C /* MusicTool */ = {
			isa = PBXGroup;
			children = (
				193E5085231E69BE000184EC /* HTZMusicPlayTool.swift */,
				193E5087231E7184000184EC /* HTZMusicOperationTool.swift */,
				1946C4AD231F61F500808F3C /* HTZLrcDataTool.swift */,
				1946C4A9231F508400808F3C /* HTZMusicModel.swift */,
				1946C4AB231F509900808F3C /* HTZMusicMessageModel.swift */,
				1946C4AF231F620500808F3C /* HTZLrcModel.swift */,
			);
			path = MusicTool;
			sourceTree = "<group>";
		};
		194E215822B0A6F7000F96D4 /* Util */ = {
			isa = PBXGroup;
			children = (
				19444CFD22F97B930063EF38 /* CycleScrollView */,
				19585DBE2317DC14009536EE /* HTZAccountThirdLoginUtil.swift */,
				193A8B932318C82000B520B1 /* CurrentViewControllerUtil.swift */,
				1946C4A8231F503100808F3C /* MusicTool */,
				194E175C23518824008F7BFF /* DeviceTool.h */,
				194E175D23518824008F7BFF /* DeviceTool.m */,
				1965FB152355948B00924EF6 /* ZFIJKPlayerManager.h */,
				1965FB142355948B00924EF6 /* ZFIJKPlayerManager.m */,
				1965FB122355851500924EF6 /* YYRUtilities.swift */,
			);
			path = Util;
			sourceTree = "<group>";
		};
		194E215922B0A6F7000F96D4 /* Manager */ = {
			isa = PBXGroup;
			children = (
				194E215A22B0A6F7000F96D4 /* File */,
				194E215B22B0A6F7000F96D4 /* Config */,
				194E215C22B0A6F7000F96D4 /* Photo */,
			);
			path = Manager;
			sourceTree = "<group>";
		};
		194E215A22B0A6F7000F96D4 /* File */ = {
			isa = PBXGroup;
			children = (
			);
			path = File;
			sourceTree = "<group>";
		};
		194E215B22B0A6F7000F96D4 /* Config */ = {
			isa = PBXGroup;
			children = (
			);
			path = Config;
			sourceTree = "<group>";
		};
		194E215C22B0A6F7000F96D4 /* Photo */ = {
			isa = PBXGroup;
			children = (
				194E215D22B0E9F2000F96D4 /* PhotoManager.swift */,
			);
			path = Photo;
			sourceTree = "<group>";
		};
		19510C7E22A79BDE0067AA5D /* Category */ = {
			isa = PBXGroup;
			children = (
				195DDD1F22AF944100C5F04C /* UIColor+Extension.swift */,
				195DDD2122AF970D00C5F04C /* String+Extension.swift */,
				195DDD2322AF9E8500C5F04C /* Date+Extension.swift */,
				195DDD2522AFAF5B00C5F04C /* UILabel+Extension.swift */,
				195DDD2722AFAF9000C5F04C /* UIView+Extension.swift */,
				195DDD2922AFAFC300C5F04C /* UIButton+Extension.swift */,
				195C194D22B24745002E8A04 /* UIBarButtonItem+Extension.swift */,
				193A8B8F2318C11A00B520B1 /* UIWindow+Extension.swift */,
				193A8B912318C62C00B520B1 /* UIViewController+Alert.swift */,
				1971F392231CB7CD002FFF42 /* Bundle+extension.swift */,
				1971F394231CCA8C002FFF42 /* UIImageView+extension.swift */,
				1946C4B1231F6E9300808F3C /* UIImage+extension.swift */,
			);
			path = Category;
			sourceTree = "<group>";
		};
		19510C7F22A79BE70067AA5D /* Macros */ = {
			isa = PBXGroup;
			children = (
				193CB4862316329D00A1B21F /* HTZConstans.swift */,
			);
			path = Macros;
			sourceTree = "<group>";
		};
		195C194A22B2459A002E8A04 /* Main */ = {
			isa = PBXGroup;
			children = (
				195C194B22B245FA002E8A04 /* HTZNavigationController.swift */,
				195C194F22B24847002E8A04 /* HTZTabbarViewController.swift */,
			);
			path = Main;
			sourceTree = "<group>";
		};
		195C195122B24973002E8A04 /* TabBar */ = {
			isa = PBXGroup;
			children = (
				195C195322B249A6002E8A04 /* menu.json */,
			);
			path = TabBar;
			sourceTree = "<group>";
		};
		195DDD2B22AFB0A100C5F04C /* Helper */ = {
			isa = PBXGroup;
			children = (
				195DDD2C22AFB0B800C5F04C /* RegexHelper.swift */,
				195C19C722B25BE5002E8A04 /* JsonHelper.swift */,
			);
			path = Helper;
			sourceTree = "<group>";
		};
		19A957E2229BC716007B48ED = {
			isa = PBXGroup;
			children = (
				19A957ED229BC716007B48ED /* htz */,
				19A95805229BC718007B48ED /* htzTests */,
				19A95810229BC718007B48ED /* htzUITests */,
				19A957EC229BC716007B48ED /* Products */,
				93ECD0B4138B8220CD7185E8 /* Pods */,
				A2AD966D30027EB87BA9ABA5 /* Frameworks */,
			);
			sourceTree = "<group>";
		};
		19A957EC229BC716007B48ED /* Products */ = {
			isa = PBXGroup;
			children = (
				19A957EB229BC716007B48ED /* htz.app */,
				19A95802229BC718007B48ED /* htzTests.xctest */,
				19A9580D229BC718007B48ED /* htzUITests.xctest */,
			);
			name = Products;
			sourceTree = "<group>";
		};
		19A957ED229BC716007B48ED /* htz */ = {
			isa = PBXGroup;
			children = (
				19A957EE229BC716007B48ED /* AppDelegate.swift */,
				19585DBC2317B902009536EE /* AppDelegate+OAuth.swift */,
				19A957F0229BC716007B48ED /* ViewController.swift */,
				19A95825229BDB0D007B48ED /* Base */,
				19A95823229BDAF5007B48ED /* Class */,
				19A95820229BDAF5007B48ED /* Public */,
				19A95822229BDAF5007B48ED /* Support */,
				19A95821229BDAF5007B48ED /* Utils */,
				19A95824229BDAF5007B48ED /* Vendor */,
				19A9581F229BDAF5007B48ED /* Resource */,
				19A957F2229BC716007B48ED /* Main.storyboard */,
				19A957F8229BC717007B48ED /* Assets.xcassets */,
				19A957FA229BC717007B48ED /* LaunchScreen.storyboard */,
				19A957FD229BC717007B48ED /* Info.plist */,
				19A957F5229BC716007B48ED /* htz.xcdatamodeld */,
				19585DB82317B550009536EE /* htz-Bridging-Header.h */,
			);
			path = htz;
			sourceTree = "<group>";
		};
		19A95805229BC718007B48ED /* htzTests */ = {
			isa = PBXGroup;
			children = (
				19A95806229BC718007B48ED /* htzTests.swift */,
				19A95808229BC718007B48ED /* Info.plist */,
			);
			path = htzTests;
			sourceTree = "<group>";
		};
		19A95810229BC718007B48ED /* htzUITests */ = {
			isa = PBXGroup;
			children = (
				19A95811229BC718007B48ED /* htzUITests.swift */,
				19A95813229BC718007B48ED /* Info.plist */,
			);
			path = htzUITests;
			sourceTree = "<group>";
		};
		19A9581F229BDAF5007B48ED /* Resource */ = {
			isa = PBXGroup;
			children = (
				1946C4A4231F4FAC00808F3C /* music.mp3 */,
				1946C4A5231F4FAC00808F3C /* xfnxc_441.lrc */,
				195C195122B24973002E8A04 /* TabBar */,
			);
			path = Resource;
			sourceTree = "<group>";
		};
		19A95820229BDAF5007B48ED /* Public */ = {
			isa = PBXGroup;
			children = (
				19510C7C22A798840067AA5D /* Constant.swift */,
			);
			path = Public;
			sourceTree = "<group>";
		};
		19A95821229BDAF5007B48ED /* Utils */ = {
			isa = PBXGroup;
			children = (
				194E215922B0A6F7000F96D4 /* Manager */,
				194E215822B0A6F7000F96D4 /* Util */,
				19510C7E22A79BDE0067AA5D /* Category */,
				195DDD2B22AFB0A100C5F04C /* Helper */,
			);
			path = Utils;
			sourceTree = "<group>";
		};
		19A95822229BDAF5007B48ED /* Support */ = {
			isa = PBXGroup;
			children = (
				19510C7F22A79BE70067AA5D /* Macros */,
				19585DB023177B1C009536EE /* HTZNetWorkManager.swift */,
				19585DB223177C75009536EE /* API.swift */,
				19585DB423177D13009536EE /* MoyaConfig.swift */,
			);
			path = Support;
			sourceTree = "<group>";
		};
		19A95823229BDAF5007B48ED /* Class */ = {
			isa = PBXGroup;
			children = (
				19444CF422F92C290063EF38 /* Common */,
				195C194A22B2459A002E8A04 /* Main */,
				19A95839229BDCFF007B48ED /* NewFeature */,
				19A9582A229BDCFF007B48ED /* Login */,
				19A9582F229BDCFF007B48ED /* Home */,
				19A95843229BDCFF007B48ED /* ReadClassics */,
				19A95834229BDCFF007B48ED /* Play */,
				19A9583E229BDCFF007B48ED /* LearnClassics */,
				19A95848229BDCFF007B48ED /* Profile */,
			);
			path = Class;
			sourceTree = "<group>";
		};
		19A95824229BDAF5007B48ED /* Vendor */ = {
			isa = PBXGroup;
			children = (
				194E175A23517FBC008F7BFF /* IJKMediaFramework.framework */,
			);
			path = Vendor;
			sourceTree = "<group>";
		};
		19A95825229BDB0D007B48ED /* Base */ = {
			isa = PBXGroup;
			children = (
				19A95827229BDB83007B48ED /* BaseModel */,
				19A95828229BDB83007B48ED /* BaseView */,
				19A95826229BDB83007B48ED /* BaseViewController */,
				19A95829229BDB83007B48ED /* BaseViewModel */,
			);
			path = Base;
			sourceTree = "<group>";
		};
		19A95826229BDB83007B48ED /* BaseViewController */ = {
			isa = PBXGroup;
			children = (
				195DDD2E22AFB1D900C5F04C /* HTZBaseViewController.swift */,
				195C194622B24397002E8A04 /* BaseTabBarController.swift */,
			);
			path = BaseViewController;
			sourceTree = "<group>";
		};
		19A95827229BDB83007B48ED /* BaseModel */ = {
			isa = PBXGroup;
			children = (
				195DDD3622AFB2E900C5F04C /* BaseModel.swift */,
			);
			path = BaseModel;
			sourceTree = "<group>";
		};
		19A95828229BDB83007B48ED /* BaseView */ = {
			isa = PBXGroup;
			children = (
				195DDD3022AFB21F00C5F04C /* BaseView.swift */,
				195DDD3222AFB24B00C5F04C /* BaseTableViewCell.swift */,
				195DDD3422AFB29400C5F04C /* BaseCollectionViewCell.swift */,
				195C194822B243D1002E8A04 /* BaseTabBar.swift */,
				193C11062314C70E0038B8BD /* HTZLabelView.swift */,
			);
			path = BaseView;
			sourceTree = "<group>";
		};
		19A95829229BDB83007B48ED /* BaseViewModel */ = {
			isa = PBXGroup;
			children = (
				195DDD3822AFB30700C5F04C /* BaseViewModel.swift */,
			);
			path = BaseViewModel;
			sourceTree = "<group>";
		};
		19A9582A229BDCFF007B48ED /* Login */ = {
			isa = PBXGroup;
			children = (
				19A9582B229BDCFF007B48ED /* ViewModel */,
				19A9582C229BDCFF007B48ED /* Controller */,
				19A9582D229BDCFF007B48ED /* Model */,
				19A9582E229BDCFF007B48ED /* View */,
			);
			path = Login;
			sourceTree = "<group>";
		};
		19A9582B229BDCFF007B48ED /* ViewModel */ = {
			isa = PBXGroup;
			children = (
			);
			path = ViewModel;
			sourceTree = "<group>";
		};
		19A9582C229BDCFF007B48ED /* Controller */ = {
			isa = PBXGroup;
			children = (
				193CB48323161CBE00A1B21F /* HTZLoginViewController.swift */,
				193A8B9523190ACB00B520B1 /* HTZSignUpViewController.swift */,
			);
			path = Controller;
			sourceTree = "<group>";
		};
		19A9582D229BDCFF007B48ED /* Model */ = {
			isa = PBXGroup;
			children = (
			);
			path = Model;
			sourceTree = "<group>";
		};
		19A9582E229BDCFF007B48ED /* View */ = {
			isa = PBXGroup;
			children = (
			);
			path = View;
			sourceTree = "<group>";
		};
		19A9582F229BDCFF007B48ED /* Home */ = {
			isa = PBXGroup;
			children = (
				19A95830229BDCFF007B48ED /* ViewModel */,
				19A95831229BDCFF007B48ED /* Controller */,
				19A95832229BDCFF007B48ED /* Model */,
				19A95833229BDCFF007B48ED /* View */,
			);
			path = Home;
			sourceTree = "<group>";
		};
		19A95830229BDCFF007B48ED /* ViewModel */ = {
			isa = PBXGroup;
			children = (
				193C91A122FC0C6E00E3AA4A /* HTZHomeViewModel.swift */,
				193F56062320AA680037BC70 /* HTZAlbumListViewModel.swift */,
			);
			path = ViewModel;
			sourceTree = "<group>";
		};
		19A95831229BDCFF007B48ED /* Controller */ = {
			isa = PBXGroup;
			children = (
				195C195D22B24ADC002E8A04 /* HTZHomeViewController.swift */,
				1971F390231CB5C0002FFF42 /* HTZAlbumListViewController.swift */,
				19492EE82356AD6E00D24278 /* HTZSearchViewController.swift */,
			);
			path = Controller;
			sourceTree = "<group>";
		};
		19A95832229BDCFF007B48ED /* Model */ = {
			isa = PBXGroup;
			children = (
				193C919F22FC0B3600E3AA4A /* HTZHomeTitleModel.swift */,
				193E5083231E635B000184EC /* HTZAlbumInfoModel.swift */,
				1936CADE231FA6E5001218DD /* HTZAlbumModel.swift */,
				193F56082320AE500037BC70 /* HTZAlbumPartModel.swift */,
				1965FB1923559DC900924EF6 /* HTZVideoModel.swift */,
			);
			path = Model;
			sourceTree = "<group>";
		};
		19A95833229BDCFF007B48ED /* View */ = {
			isa = PBXGroup;
			children = (
				1947F4F722FA5A9500B57813 /* HTZHomeTitleCollectionView.swift */,
				193C919D22FC099000E3AA4A /* HTZHomeTitleCollectionViewCell.swift */,
				1971F396231CFBBF002FFF42 /* HTZAlbumListCell.swift */,
				193F560423209AFD0037BC70 /* HTZHomeSearchView.swift */,
			);
			path = View;
			sourceTree = "<group>";
		};
		19A95834229BDCFF007B48ED /* Play */ = {
			isa = PBXGroup;
			children = (
				19A95835229BDCFF007B48ED /* ViewModel */,
				19A95836229BDCFF007B48ED /* Controller */,
				19A95837229BDCFF007B48ED /* Model */,
				19A95838229BDCFF007B48ED /* View */,
			);
			path = Play;
			sourceTree = "<group>";
		};
		19A95835229BDCFF007B48ED /* ViewModel */ = {
			isa = PBXGroup;
			children = (
				1942E1682329D575007E7C36 /* HTZLyricParser.swift */,
			);
			path = ViewModel;
			sourceTree = "<group>";
		};
		19A95836229BDCFF007B48ED /* Controller */ = {
			isa = PBXGroup;
			children = (
				195C195922B24ABB002E8A04 /* HTZPlayViewController.swift */,
				1965FB1B23559E7500924EF6 /* HTZVideoPlayViewController.swift */,
			);
			path = Controller;
			sourceTree = "<group>";
		};
		19A95837229BDCFF007B48ED /* Model */ = {
			isa = PBXGroup;
			children = (
				19507C6A2328F794005FE7BD /* HTZLyricModel.swift */,
			);
			path = Model;
			sourceTree = "<group>";
		};
		19A95838229BDCFF007B48ED /* View */ = {
			isa = PBXGroup;
			children = (
				193D7D892327574E001A5F21 /* HTZMusicControlView.swift */,
				19507C682328F156005FE7BD /* HTZMusicLyricView.swift */,
				1978C417235988A800C0326A /* HTZMusicListView.swift */,
			);
			path = View;
			sourceTree = "<group>";
		};
		19A95839229BDCFF007B48ED /* NewFeature */ = {
			isa = PBXGroup;
			children = (
				19A9583A229BDCFF007B48ED /* ViewModel */,
				19A9583B229BDCFF007B48ED /* Controller */,
				19A9583C229BDCFF007B48ED /* Model */,
				19A9583D229BDCFF007B48ED /* View */,
			);
			path = NewFeature;
			sourceTree = "<group>";
		};
		19A9583A229BDCFF007B48ED /* ViewModel */ = {
			isa = PBXGroup;
			children = (
			);
			path = ViewModel;
			sourceTree = "<group>";
		};
		19A9583B229BDCFF007B48ED /* Controller */ = {
			isa = PBXGroup;
			children = (
			);
			path = Controller;
			sourceTree = "<group>";
		};
		19A9583C229BDCFF007B48ED /* Model */ = {
			isa = PBXGroup;
			children = (
			);
			path = Model;
			sourceTree = "<group>";
		};
		19A9583D229BDCFF007B48ED /* View */ = {
			isa = PBXGroup;
			children = (
			);
			path = View;
			sourceTree = "<group>";
		};
		19A9583E229BDCFF007B48ED /* LearnClassics */ = {
			isa = PBXGroup;
			children = (
				19A9583F229BDCFF007B48ED /* ViewModel */,
				19A95840229BDCFF007B48ED /* Controller */,
				19A95841229BDCFF007B48ED /* Model */,
				19A95842229BDCFF007B48ED /* View */,
			);
			path = LearnClassics;
			sourceTree = "<group>";
		};
		19A9583F229BDCFF007B48ED /* ViewModel */ = {
			isa = PBXGroup;
			children = (
			);
			path = ViewModel;
			sourceTree = "<group>";
		};
		19A95840229BDCFF007B48ED /* Controller */ = {
			isa = PBXGroup;
			children = (
				195C195722B24AA0002E8A04 /* HTZLearnClassicsViewController.swift */,
				19492EEA2356EF4600D24278 /* HTZVideoPlayTableViewController.swift */,
			);
			path = Controller;
			sourceTree = "<group>";
		};
		19A95841229BDCFF007B48ED /* Model */ = {
			isa = PBXGroup;
			children = (
			);
			path = Model;
			sourceTree = "<group>";
		};
		19A95842229BDCFF007B48ED /* View */ = {
			isa = PBXGroup;
			children = (
				19492EEC2356EFEA00D24278 /* HTZVideoPlayCell.swift */,
			);
			path = View;
			sourceTree = "<group>";
		};
		19A95843229BDCFF007B48ED /* ReadClassics */ = {
			isa = PBXGroup;
			children = (
				19A95844229BDCFF007B48ED /* ViewModel */,
				19A95845229BDCFF007B48ED /* Controller */,
				19A95846229BDCFF007B48ED /* Model */,
				19A95847229BDCFF007B48ED /* View */,
			);
			path = ReadClassics;
			sourceTree = "<group>";
		};
		19A95844229BDCFF007B48ED /* ViewModel */ = {
			isa = PBXGroup;
			children = (
			);
			path = ViewModel;
			sourceTree = "<group>";
		};
		19A95845229BDCFF007B48ED /* Controller */ = {
			isa = PBXGroup;
			children = (
				195C195B22B24ACD002E8A04 /* HTZReadClassicsViewController.swift */,
			);
			path = Controller;
			sourceTree = "<group>";
		};
		19A95846229BDCFF007B48ED /* Model */ = {
			isa = PBXGroup;
			children = (
			);
			path = Model;
			sourceTree = "<group>";
		};
		19A95847229BDCFF007B48ED /* View */ = {
			isa = PBXGroup;
			children = (
			);
			path = View;
			sourceTree = "<group>";
		};
		19A95848229BDCFF007B48ED /* Profile */ = {
			isa = PBXGroup;
			children = (
				19A95849229BDCFF007B48ED /* ViewModel */,
				19A9584A229BDCFF007B48ED /* Controller */,
				19A9584B229BDCFF007B48ED /* Model */,
				19A9584C229BDCFF007B48ED /* View */,
			);
			path = Profile;
			sourceTree = "<group>";
		};
		19A95849229BDCFF007B48ED /* ViewModel */ = {
			isa = PBXGroup;
			children = (
			);
			path = ViewModel;
			sourceTree = "<group>";
		};
		19A9584A229BDCFF007B48ED /* Controller */ = {
			isa = PBXGroup;
			children = (
				195C195522B24A6F002E8A04 /* HTZProfileViewController.swift */,
				193B86722334CE71006D4A3D /* HTZMyDownloadedViewController.swift */,
				1978C4132359552E00C0326A /* HTZToDownloadListViewController.swift */,
				193D6F2323320AC8004BF5FB /* HTZMyDownloadedAlbumViewController.swift */,
				193B866C2334AB67006D4A3D /* HTZMyFavoriteViewController.swift */,
				193D6F2523320B07004BF5FB /* HTZMyFavoriteAlbumViewController.swift */,
			);
			path = Controller;
			sourceTree = "<group>";
		};
		19A9584B229BDCFF007B48ED /* Model */ = {
			isa = PBXGroup;
			children = (
			);
			path = Model;
			sourceTree = "<group>";
		};
		19A9584C229BDCFF007B48ED /* View */ = {
			isa = PBXGroup;
			children = (
				1935D54E2313CB3600FE2547 /* HTZProfileHeaderView.swift */,
				193C11082314CB760038B8BD /* HTZProfileFunctionView.swift */,
				1935D5502313D34D00FE2547 /* HTZProfileTableViewCell.swift */,
				193D6F2723320C2B004BF5FB /* HTZMyDownloadedAlbumCell.swift */,
				193B86702334CD03006D4A3D /* HTZMyDownloadedCell.swift */,
				1978C4152359559700C0326A /* HTZToDownloadListCell.swift */,
				193D6F2923320C43004BF5FB /* HTZMyFavoriteAlbumCell.swift */,
				193B866E2334ACCA006D4A3D /* HTZMyFavoriteCell.swift */,
			);
			path = View;
			sourceTree = "<group>";
		};
		93ECD0B4138B8220CD7185E8 /* Pods */ = {
			isa = PBXGroup;
			children = (
				0FCE7CB6951C7E7FCDE953D1 /* Pods-htz.debug.xcconfig */,
				F127EE42E8BDF736AC6D000E /* Pods-htz.release.xcconfig */,
				8604342CD5FF9885FB33B58D /* Pods-htzTests.debug.xcconfig */,
				549B0A80A97F5545FE963EF9 /* Pods-htzTests.release.xcconfig */,
				FA46C2838D74846154E8E939 /* Pods-htzUITests.debug.xcconfig */,
				3C768F35F7899594EC38CE14 /* Pods-htzUITests.release.xcconfig */,
			);
			name = Pods;
			sourceTree = "<group>";
		};
		A2AD966D30027EB87BA9ABA5 /* Frameworks */ = {
			isa = PBXGroup;
			children = (
				19333396234DD21100498D76 /* VideoToolbox.framework */,
				19333394234DD20300498D76 /* QuartzCore.framework */,
				19333392234DD1FB00498D76 /* OpenGLES.framework */,
				19333390234DD1F100498D76 /* MobileCoreServices.framework */,
				1933338E234DD1E800498D76 /* MediaPlayer.framework */,
				1933338C234DD1DE00498D76 /* libz.tbd */,
				1933338A234DD1D300498D76 /* libbz2.tbd */,
				19333388234DD1C900498D76 /* CoreVideo.framework */,
				19333386234DD1BF00498D76 /* CoreMedia.framework */,
				19333384234DD1B500498D76 /* CoreGraphics.framework */,
				19333382234DD1AB00498D76 /* AVFoundation.framework */,
				19333380234DD1A000498D76 /* AudioToolbox.framework */,
				71BF73B9950DB665562A181D /* Pods_htz.framework */,
				C6282761BE57BC50497E9304 /* Pods_htzTests.framework */,
				A12A440892FCB15F6F9A7461 /* Pods_htzUITests.framework */,
			);
			name = Frameworks;
			sourceTree = "<group>";
		};
/* End PBXGroup section */

/* Begin PBXNativeTarget section */
		19A957EA229BC716007B48ED /* htz */ = {
			isa = PBXNativeTarget;
			buildConfigurationList = 19A95816229BC718007B48ED /* Build configuration list for PBXNativeTarget "htz" */;
			buildPhases = (
				5185BCB14D1961C3289016CC /* [CP] Check Pods Manifest.lock */,
				19A957E7229BC716007B48ED /* Sources */,
				19A957E8229BC716007B48ED /* Frameworks */,
				19A957E9229BC716007B48ED /* Resources */,
				4B959508F389F2C358CB925C /* [CP] Embed Pods Frameworks */,
				DF0187E8AA287AC9AAA03BE2 /* [CP] Copy Pods Resources */,
			);
			buildRules = (
			);
			dependencies = (
			);
			name = htz;
			productName = htz;
			productReference = 19A957EB229BC716007B48ED /* htz.app */;
			productType = "com.apple.product-type.application";
		};
		19A95801229BC718007B48ED /* htzTests */ = {
			isa = PBXNativeTarget;
			buildConfigurationList = 19A95819229BC718007B48ED /* Build configuration list for PBXNativeTarget "htzTests" */;
			buildPhases = (
				06268748D2C4F227D9F66C4A /* [CP] Check Pods Manifest.lock */,
				19A957FE229BC718007B48ED /* Sources */,
				19A957FF229BC718007B48ED /* Frameworks */,
				19A95800229BC718007B48ED /* Resources */,
			);
			buildRules = (
			);
			dependencies = (
				19A95804229BC718007B48ED /* PBXTargetDependency */,
			);
			name = htzTests;
			productName = htzTests;
			productReference = 19A95802229BC718007B48ED /* htzTests.xctest */;
			productType = "com.apple.product-type.bundle.unit-test";
		};
		19A9580C229BC718007B48ED /* htzUITests */ = {
			isa = PBXNativeTarget;
			buildConfigurationList = 19A9581C229BC718007B48ED /* Build configuration list for PBXNativeTarget "htzUITests" */;
			buildPhases = (
				79CC6FDA6C457EFFEA116E02 /* [CP] Check Pods Manifest.lock */,
				19A95809229BC718007B48ED /* Sources */,
				19A9580A229BC718007B48ED /* Frameworks */,
				19A9580B229BC718007B48ED /* Resources */,
			);
			buildRules = (
			);
			dependencies = (
				19A9580F229BC718007B48ED /* PBXTargetDependency */,
			);
			name = htzUITests;
			productName = htzUITests;
			productReference = 19A9580D229BC718007B48ED /* htzUITests.xctest */;
			productType = "com.apple.product-type.bundle.ui-testing";
		};
/* End PBXNativeTarget section */

/* Begin PBXProject section */
		19A957E3229BC716007B48ED /* Project object */ = {
			isa = PBXProject;
			attributes = {
				CLASSPREFIX = HTZ;
				LastSwiftUpdateCheck = 1020;
				LastUpgradeCheck = 1020;
				ORGANIZATIONNAME = "袁应荣";
				TargetAttributes = {
					19A957EA229BC716007B48ED = {
						CreatedOnToolsVersion = 10.2;
						LastSwiftMigration = 1030;
						SystemCapabilities = {
							com.apple.BackgroundModes = {
								enabled = 1;
							};
						};
					};
					19A95801229BC718007B48ED = {
						CreatedOnToolsVersion = 10.2;
						TestTargetID = 19A957EA229BC716007B48ED;
					};
					19A9580C229BC718007B48ED = {
						CreatedOnToolsVersion = 10.2;
						TestTargetID = 19A957EA229BC716007B48ED;
					};
				};
			};
			buildConfigurationList = 19A957E6229BC716007B48ED /* Build configuration list for PBXProject "htz" */;
			compatibilityVersion = "Xcode 9.3";
			developmentRegion = en;
			hasScannedForEncodings = 0;
			knownRegions = (
				en,
				Base,
			);
			mainGroup = 19A957E2229BC716007B48ED;
			productRefGroup = 19A957EC229BC716007B48ED /* Products */;
			projectDirPath = "";
			projectRoot = "";
			targets = (
				19A957EA229BC716007B48ED /* htz */,
				19A95801229BC718007B48ED /* htzTests */,
				19A9580C229BC718007B48ED /* htzUITests */,
			);
		};
/* End PBXProject section */

/* Begin PBXResourcesBuildPhase section */
		19A957E9229BC716007B48ED /* Resources */ = {
			isa = PBXResourcesBuildPhase;
			buildActionMask = 2147483647;
			files = (
				1946C4A6231F4FAC00808F3C /* music.mp3 in Resources */,
				19A957FC229BC717007B48ED /* LaunchScreen.storyboard in Resources */,
				19A957F9229BC717007B48ED /* Assets.xcassets in Resources */,
				195C195422B249A6002E8A04 /* menu.json in Resources */,
				19A957F4229BC716007B48ED /* Main.storyboard in Resources */,
				1946C4A7231F4FAC00808F3C /* xfnxc_441.lrc in Resources */,
			);
			runOnlyForDeploymentPostprocessing = 0;
		};
		19A95800229BC718007B48ED /* Resources */ = {
			isa = PBXResourcesBuildPhase;
			buildActionMask = 2147483647;
			files = (
			);
			runOnlyForDeploymentPostprocessing = 0;
		};
		19A9580B229BC718007B48ED /* Resources */ = {
			isa = PBXResourcesBuildPhase;
			buildActionMask = 2147483647;
			files = (
			);
			runOnlyForDeploymentPostprocessing = 0;
		};
/* End PBXResourcesBuildPhase section */

/* Begin PBXShellScriptBuildPhase section */
		06268748D2C4F227D9F66C4A /* [CP] Check Pods Manifest.lock */ = {
			isa = PBXShellScriptBuildPhase;
			buildActionMask = 2147483647;
			files = (
			);
			inputPaths = (
				"${PODS_PODFILE_DIR_PATH}/Podfile.lock",
				"${PODS_ROOT}/Manifest.lock",
			);
			name = "[CP] Check Pods Manifest.lock";
			outputPaths = (
				"$(DERIVED_FILE_DIR)/Pods-htzTests-checkManifestLockResult.txt",
			);
			runOnlyForDeploymentPostprocessing = 0;
			shellPath = /bin/sh;
			shellScript = "diff \"${PODS_PODFILE_DIR_PATH}/Podfile.lock\" \"${PODS_ROOT}/Manifest.lock\" > /dev/null\nif [ $? != 0 ] ; then\n    # print error to STDERR\n    echo \"error: The sandbox is not in sync with the Podfile.lock. Run 'pod install' or update your CocoaPods installation.\" >&2\n    exit 1\nfi\n# This output is used by Xcode 'outputs' to avoid re-running this script phase.\necho \"SUCCESS\" > \"${SCRIPT_OUTPUT_FILE_0}\"\n";
			showEnvVarsInLog = 0;
		};
		4B959508F389F2C358CB925C /* [CP] Embed Pods Frameworks */ = {
			isa = PBXShellScriptBuildPhase;
			buildActionMask = 2147483647;
			files = (
			);
			inputPaths = (
				"${SRCROOT}/Pods/Target Support Files/Pods-htz/Pods-htz-frameworks.sh",
				"${BUILT_PRODUCTS_DIR}/Alamofire/Alamofire.framework",
				"${BUILT_PRODUCTS_DIR}/FreeStreamer/FreeStreamer.framework",
				"${BUILT_PRODUCTS_DIR}/GKCoverSwift/GKCoverSwift.framework",
				"${BUILT_PRODUCTS_DIR}/HandyJSON/HandyJSON.framework",
				"${BUILT_PRODUCTS_DIR}/Kingfisher/Kingfisher.framework",
				"${BUILT_PRODUCTS_DIR}/Moya/Moya.framework",
				"${BUILT_PRODUCTS_DIR}/PYSearch/PYSearch.framework",
				"${BUILT_PRODUCTS_DIR}/Reachability/Reachability.framework",
				"${BUILT_PRODUCTS_DIR}/Result/Result.framework",
				"${BUILT_PRODUCTS_DIR}/SnapKit/SnapKit.framework",
				"${BUILT_PRODUCTS_DIR}/SwiftyJSON/SwiftyJSON.framework",
				"${BUILT_PRODUCTS_DIR}/ZFPlayer/ZFPlayer.framework",
			);
			name = "[CP] Embed Pods Frameworks";
			outputPaths = (
				"${TARGET_BUILD_DIR}/${FRAMEWORKS_FOLDER_PATH}/Alamofire.framework",
				"${TARGET_BUILD_DIR}/${FRAMEWORKS_FOLDER_PATH}/FreeStreamer.framework",
				"${TARGET_BUILD_DIR}/${FRAMEWORKS_FOLDER_PATH}/GKCoverSwift.framework",
				"${TARGET_BUILD_DIR}/${FRAMEWORKS_FOLDER_PATH}/HandyJSON.framework",
				"${TARGET_BUILD_DIR}/${FRAMEWORKS_FOLDER_PATH}/Kingfisher.framework",
				"${TARGET_BUILD_DIR}/${FRAMEWORKS_FOLDER_PATH}/Moya.framework",
				"${TARGET_BUILD_DIR}/${FRAMEWORKS_FOLDER_PATH}/PYSearch.framework",
				"${TARGET_BUILD_DIR}/${FRAMEWORKS_FOLDER_PATH}/Reachability.framework",
				"${TARGET_BUILD_DIR}/${FRAMEWORKS_FOLDER_PATH}/Result.framework",
				"${TARGET_BUILD_DIR}/${FRAMEWORKS_FOLDER_PATH}/SnapKit.framework",
				"${TARGET_BUILD_DIR}/${FRAMEWORKS_FOLDER_PATH}/SwiftyJSON.framework",
				"${TARGET_BUILD_DIR}/${FRAMEWORKS_FOLDER_PATH}/ZFPlayer.framework",
			);
			runOnlyForDeploymentPostprocessing = 0;
			shellPath = /bin/sh;
			shellScript = "\"${SRCROOT}/Pods/Target Support Files/Pods-htz/Pods-htz-frameworks.sh\"\n";
			showEnvVarsInLog = 0;
		};
		5185BCB14D1961C3289016CC /* [CP] Check Pods Manifest.lock */ = {
			isa = PBXShellScriptBuildPhase;
			buildActionMask = 2147483647;
			files = (
			);
			inputPaths = (
				"${PODS_PODFILE_DIR_PATH}/Podfile.lock",
				"${PODS_ROOT}/Manifest.lock",
			);
			name = "[CP] Check Pods Manifest.lock";
			outputPaths = (
				"$(DERIVED_FILE_DIR)/Pods-htz-checkManifestLockResult.txt",
			);
			runOnlyForDeploymentPostprocessing = 0;
			shellPath = /bin/sh;
			shellScript = "diff \"${PODS_PODFILE_DIR_PATH}/Podfile.lock\" \"${PODS_ROOT}/Manifest.lock\" > /dev/null\nif [ $? != 0 ] ; then\n    # print error to STDERR\n    echo \"error: The sandbox is not in sync with the Podfile.lock. Run 'pod install' or update your CocoaPods installation.\" >&2\n    exit 1\nfi\n# This output is used by Xcode 'outputs' to avoid re-running this script phase.\necho \"SUCCESS\" > \"${SCRIPT_OUTPUT_FILE_0}\"\n";
			showEnvVarsInLog = 0;
		};
		79CC6FDA6C457EFFEA116E02 /* [CP] Check Pods Manifest.lock */ = {
			isa = PBXShellScriptBuildPhase;
			buildActionMask = 2147483647;
			files = (
			);
			inputPaths = (
				"${PODS_PODFILE_DIR_PATH}/Podfile.lock",
				"${PODS_ROOT}/Manifest.lock",
			);
			name = "[CP] Check Pods Manifest.lock";
			outputPaths = (
				"$(DERIVED_FILE_DIR)/Pods-htzUITests-checkManifestLockResult.txt",
			);
			runOnlyForDeploymentPostprocessing = 0;
			shellPath = /bin/sh;
			shellScript = "diff \"${PODS_PODFILE_DIR_PATH}/Podfile.lock\" \"${PODS_ROOT}/Manifest.lock\" > /dev/null\nif [ $? != 0 ] ; then\n    # print error to STDERR\n    echo \"error: The sandbox is not in sync with the Podfile.lock. Run 'pod install' or update your CocoaPods installation.\" >&2\n    exit 1\nfi\n# This output is used by Xcode 'outputs' to avoid re-running this script phase.\necho \"SUCCESS\" > \"${SCRIPT_OUTPUT_FILE_0}\"\n";
			showEnvVarsInLog = 0;
		};
		DF0187E8AA287AC9AAA03BE2 /* [CP] Copy Pods Resources */ = {
			isa = PBXShellScriptBuildPhase;
			buildActionMask = 2147483647;
			files = (
			);
			inputPaths = (
				"${SRCROOT}/Pods/Target Support Files/Pods-htz/Pods-htz-resources.sh",
				"${PODS_ROOT}/Weibo_SDK/libWeiboSDK/WeiboSDK.bundle",
			);
			name = "[CP] Copy Pods Resources";
			outputPaths = (
				"${TARGET_BUILD_DIR}/${UNLOCALIZED_RESOURCES_FOLDER_PATH}/WeiboSDK.bundle",
			);
			runOnlyForDeploymentPostprocessing = 0;
			shellPath = /bin/sh;
			shellScript = "\"${SRCROOT}/Pods/Target Support Files/Pods-htz/Pods-htz-resources.sh\"\n";
			showEnvVarsInLog = 0;
		};
/* End PBXShellScriptBuildPhase section */

/* Begin PBXSourcesBuildPhase section */
		19A957E7229BC716007B48ED /* Sources */ = {
			isa = PBXSourcesBuildPhase;
			buildActionMask = 2147483647;
			files = (
				193CB48423161CBE00A1B21F /* HTZLoginViewController.swift in Sources */,
				193B866F2334ACCA006D4A3D /* HTZMyFavoriteCell.swift in Sources */,
				193E5086231E69BE000184EC /* HTZMusicPlayTool.swift in Sources */,
				193CB4872316329D00A1B21F /* HTZConstans.swift in Sources */,
				1946C4AA231F508400808F3C /* HTZMusicModel.swift in Sources */,
				195DDD2622AFAF5B00C5F04C /* UILabel+Extension.swift in Sources */,
				195DDD3122AFB21F00C5F04C /* BaseView.swift in Sources */,
				195C194722B24397002E8A04 /* BaseTabBarController.swift in Sources */,
				193D6F2623320B07004BF5FB /* HTZMyFavoriteAlbumViewController.swift in Sources */,
				1965FB1A23559DC900924EF6 /* HTZVideoModel.swift in Sources */,
				193A8B922318C62C00B520B1 /* UIViewController+Alert.swift in Sources */,
				195DDD3922AFB30700C5F04C /* BaseViewModel.swift in Sources */,
				1942E1692329D575007E7C36 /* HTZLyricParser.swift in Sources */,
				19A957F1229BC716007B48ED /* ViewController.swift in Sources */,
				1934795D232636D300138B36 /* HTZAudioPlayer.swift in Sources */,
				1946C4B0231F620500808F3C /* HTZLrcModel.swift in Sources */,
				1978C4162359559700C0326A /* HTZToDownloadListCell.swift in Sources */,
				193F56072320AA680037BC70 /* HTZAlbumListViewModel.swift in Sources */,
				193B866D2334AB67006D4A3D /* HTZMyFavoriteViewController.swift in Sources */,
				19A957EF229BC716007B48ED /* AppDelegate.swift in Sources */,
				193E5088231E7184000184EC /* HTZMusicOperationTool.swift in Sources */,
				195DDD3322AFB24B00C5F04C /* BaseTableViewCell.swift in Sources */,
				1935D54F2313CB3600FE2547 /* HTZProfileHeaderView.swift in Sources */,
				19507C692328F156005FE7BD /* HTZMusicLyricView.swift in Sources */,
				1935D5512313D34D00FE2547 /* HTZProfileTableViewCell.swift in Sources */,
				195DDD3522AFB29400C5F04C /* BaseCollectionViewCell.swift in Sources */,
				1947F4F822FA5A9500B57813 /* HTZHomeTitleCollectionView.swift in Sources */,
				195DDD3722AFB2E900C5F04C /* BaseModel.swift in Sources */,
				193B86732334CE71006D4A3D /* HTZMyDownloadedViewController.swift in Sources */,
				193D7D8C23277090001A5F21 /* HTZMusicTool.swift in Sources */,
				195C19C822B25BE5002E8A04 /* JsonHelper.swift in Sources */,
				1978C418235988A800C0326A /* HTZMusicListView.swift in Sources */,
				195DDD2A22AFAFC300C5F04C /* UIButton+Extension.swift in Sources */,
				193B86712334CD03006D4A3D /* HTZMyDownloadedCell.swift in Sources */,
				1978C4142359552E00C0326A /* HTZToDownloadListViewController.swift in Sources */,
				193A8B902318C11A00B520B1 /* UIWindow+Extension.swift in Sources */,
				193D7D8823273857001A5F21 /* HTZSliderView.swift in Sources */,
				193C11072314C70E0038B8BD /* HTZLabelView.swift in Sources */,
				19585DBD2317B902009536EE /* AppDelegate+OAuth.swift in Sources */,
				1947F4FA22FA5E9E00B57813 /* LeftTitleRightImageButton.swift in Sources */,
				19444CFA22F92D0D0063EF38 /* HTZSearchView.swift in Sources */,
				1965FB1C23559E7500924EF6 /* HTZVideoPlayViewController.swift in Sources */,
				1936CADF231FA6E5001218DD /* HTZAlbumModel.swift in Sources */,
				195C194922B243D1002E8A04 /* BaseTabBar.swift in Sources */,
				1946C4AC231F509900808F3C /* HTZMusicMessageModel.swift in Sources */,
				195C195A22B24ABB002E8A04 /* HTZPlayViewController.swift in Sources */,
				19585DB123177B1C009536EE /* HTZNetWorkManager.swift in Sources */,
				1965FB162355948B00924EF6 /* ZFIJKPlayerManager.m in Sources */,
				195DDD2822AFAF9000C5F04C /* UIView+Extension.swift in Sources */,
				193C919E22FC099000E3AA4A /* HTZHomeTitleCollectionViewCell.swift in Sources */,
				195DDD2F22AFB1D900C5F04C /* HTZBaseViewController.swift in Sources */,
				193D6F2423320AC8004BF5FB /* HTZMyDownloadedAlbumViewController.swift in Sources */,
				1946C4AE231F61F500808F3C /* HTZLrcDataTool.swift in Sources */,
				19492EE92356AD6E00D24278 /* HTZSearchViewController.swift in Sources */,
				193A8B9623190ACB00B520B1 /* HTZSignUpViewController.swift in Sources */,
				193D7D8A2327574E001A5F21 /* HTZMusicControlView.swift in Sources */,
				193C91A022FC0B3600E3AA4A /* HTZHomeTitleModel.swift in Sources */,
				19A957F7229BC716007B48ED /* htz.xcdatamodeld in Sources */,
				19585DB523177D13009536EE /* MoyaConfig.swift in Sources */,
				194E175E23518824008F7BFF /* DeviceTool.m in Sources */,
				193F560B2320F5450037BC70 /* HTZDownloadManager.swift in Sources */,
				194E215E22B0E9F2000F96D4 /* PhotoManager.swift in Sources */,
				1946C4B2231F6E9300808F3C /* UIImage+extension.swift in Sources */,
				19585DBF2317DC14009536EE /* HTZAccountThirdLoginUtil.swift in Sources */,
				193F560D2320FD120037BC70 /* HTZDownloadModel.swift in Sources */,
				193F56092320AE500037BC70 /* HTZAlbumPartModel.swift in Sources */,
				195C195E22B24ADC002E8A04 /* HTZHomeViewController.swift in Sources */,
				193D6F2823320C2B004BF5FB /* HTZMyDownloadedAlbumCell.swift in Sources */,
				1971F397231CFBBF002FFF42 /* HTZAlbumListCell.swift in Sources */,
				193B866B2334A5C6006D4A3D /* HTZSaveDataModel.swift in Sources */,
				19510C7D22A798840067AA5D /* Constant.swift in Sources */,
				193C91A222FC0C6E00E3AA4A /* HTZHomeViewModel.swift in Sources */,
				193E5084231E635B000184EC /* HTZAlbumInfoModel.swift in Sources */,
				195C194E22B24745002E8A04 /* UIBarButtonItem+Extension.swift in Sources */,
				1971F391231CB5C0002FFF42 /* HTZAlbumListViewController.swift in Sources */,
				1971F393231CB7CD002FFF42 /* Bundle+extension.swift in Sources */,
				195DDD2422AF9E8500C5F04C /* Date+Extension.swift in Sources */,
				19492EEB2356EF4600D24278 /* HTZVideoPlayTableViewController.swift in Sources */,
				19492EED2356EFEA00D24278 /* HTZVideoPlayCell.swift in Sources */,
				195DDD2222AF970D00C5F04C /* String+Extension.swift in Sources */,
				19585DB323177C75009536EE /* API.swift in Sources */,
				195DDD2022AF944100C5F04C /* UIColor+Extension.swift in Sources */,
				19507C6B2328F794005FE7BD /* HTZLyricModel.swift in Sources */,
				195C194C22B245FA002E8A04 /* HTZNavigationController.swift in Sources */,
				195C195022B24847002E8A04 /* HTZTabbarViewController.swift in Sources */,
				1971F395231CCA8C002FFF42 /* UIImageView+extension.swift in Sources */,
				195DDD2D22AFB0B800C5F04C /* RegexHelper.swift in Sources */,
				19444CFC22F97B050063EF38 /* HTZCycleView.swift in Sources */,
				193A8B942318C82000B520B1 /* CurrentViewControllerUtil.swift in Sources */,
				195C195622B24A6F002E8A04 /* HTZProfileViewController.swift in Sources */,
				193F560523209AFD0037BC70 /* HTZHomeSearchView.swift in Sources */,
				195C195822B24AA0002E8A04 /* HTZLearnClassicsViewController.swift in Sources */,
				195C195C22B24ACD002E8A04 /* HTZReadClassicsViewController.swift in Sources */,
				1965FB132355851500924EF6 /* YYRUtilities.swift in Sources */,
				193D6F2A23320C43004BF5FB /* HTZMyFavoriteAlbumCell.swift in Sources */,
				193C11092314CB760038B8BD /* HTZProfileFunctionView.swift in Sources */,
			);
			runOnlyForDeploymentPostprocessing = 0;
		};
		19A957FE229BC718007B48ED /* Sources */ = {
			isa = PBXSourcesBuildPhase;
			buildActionMask = 2147483647;
			files = (
				19A95807229BC718007B48ED /* htzTests.swift in Sources */,
			);
			runOnlyForDeploymentPostprocessing = 0;
		};
		19A95809229BC718007B48ED /* Sources */ = {
			isa = PBXSourcesBuildPhase;
			buildActionMask = 2147483647;
			files = (
				19A95812229BC718007B48ED /* htzUITests.swift in Sources */,
			);
			runOnlyForDeploymentPostprocessing = 0;
		};
/* End PBXSourcesBuildPhase section */

/* Begin PBXTargetDependency section */
		19A95804229BC718007B48ED /* PBXTargetDependency */ = {
			isa = PBXTargetDependency;
			target = 19A957EA229BC716007B48ED /* htz */;
			targetProxy = 19A95803229BC718007B48ED /* PBXContainerItemProxy */;
		};
		19A9580F229BC718007B48ED /* PBXTargetDependency */ = {
			isa = PBXTargetDependency;
			target = 19A957EA229BC716007B48ED /* htz */;
			targetProxy = 19A9580E229BC718007B48ED /* PBXContainerItemProxy */;
		};
/* End PBXTargetDependency section */

/* Begin PBXVariantGroup section */
		19A957F2229BC716007B48ED /* Main.storyboard */ = {
			isa = PBXVariantGroup;
			children = (
				19A957F3229BC716007B48ED /* Base */,
			);
			name = Main.storyboard;
			sourceTree = "<group>";
		};
		19A957FA229BC717007B48ED /* LaunchScreen.storyboard */ = {
			isa = PBXVariantGroup;
			children = (
				19A957FB229BC717007B48ED /* Base */,
			);
			name = LaunchScreen.storyboard;
			sourceTree = "<group>";
		};
/* End PBXVariantGroup section */

/* Begin XCBuildConfiguration section */
		19A95814229BC718007B48ED /* Debug */ = {
			isa = XCBuildConfiguration;
			buildSettings = {
				ALWAYS_SEARCH_USER_PATHS = NO;
				CLANG_ANALYZER_NONNULL = YES;
				CLANG_ANALYZER_NUMBER_OBJECT_CONVERSION = YES_AGGRESSIVE;
				CLANG_CXX_LANGUAGE_STANDARD = "gnu++14";
				CLANG_CXX_LIBRARY = "libc++";
				CLANG_ENABLE_MODULES = YES;
				CLANG_ENABLE_OBJC_ARC = YES;
				CLANG_ENABLE_OBJC_WEAK = YES;
				CLANG_WARN_BLOCK_CAPTURE_AUTORELEASING = YES;
				CLANG_WARN_BOOL_CONVERSION = YES;
				CLANG_WARN_COMMA = YES;
				CLANG_WARN_CONSTANT_CONVERSION = YES;
				CLANG_WARN_DEPRECATED_OBJC_IMPLEMENTATIONS = YES;
				CLANG_WARN_DIRECT_OBJC_ISA_USAGE = YES_ERROR;
				CLANG_WARN_DOCUMENTATION_COMMENTS = YES;
				CLANG_WARN_EMPTY_BODY = YES;
				CLANG_WARN_ENUM_CONVERSION = YES;
				CLANG_WARN_INFINITE_RECURSION = YES;
				CLANG_WARN_INT_CONVERSION = YES;
				CLANG_WARN_NON_LITERAL_NULL_CONVERSION = YES;
				CLANG_WARN_OBJC_IMPLICIT_RETAIN_SELF = YES;
				CLANG_WARN_OBJC_LITERAL_CONVERSION = YES;
				CLANG_WARN_OBJC_ROOT_CLASS = YES_ERROR;
				CLANG_WARN_RANGE_LOOP_ANALYSIS = YES;
				CLANG_WARN_STRICT_PROTOTYPES = YES;
				CLANG_WARN_SUSPICIOUS_MOVE = YES;
				CLANG_WARN_UNGUARDED_AVAILABILITY = YES_AGGRESSIVE;
				CLANG_WARN_UNREACHABLE_CODE = YES;
				CLANG_WARN__DUPLICATE_METHOD_MATCH = YES;
				CODE_SIGN_IDENTITY = "iPhone Developer";
				COPY_PHASE_STRIP = NO;
				DEBUG_INFORMATION_FORMAT = dwarf;
				ENABLE_BITCODE = NO;
				ENABLE_STRICT_OBJC_MSGSEND = YES;
				ENABLE_TESTABILITY = YES;
				GCC_C_LANGUAGE_STANDARD = gnu11;
				GCC_DYNAMIC_NO_PIC = NO;
				GCC_NO_COMMON_BLOCKS = YES;
				GCC_OPTIMIZATION_LEVEL = 0;
				GCC_PREPROCESSOR_DEFINITIONS = (
					"DEBUG=1",
					"$(inherited)",
				);
				GCC_WARN_64_TO_32_BIT_CONVERSION = YES;
				GCC_WARN_ABOUT_RETURN_TYPE = YES_ERROR;
				GCC_WARN_UNDECLARED_SELECTOR = YES;
				GCC_WARN_UNINITIALIZED_AUTOS = YES_AGGRESSIVE;
				GCC_WARN_UNUSED_FUNCTION = YES;
				GCC_WARN_UNUSED_VARIABLE = YES;
				IPHONEOS_DEPLOYMENT_TARGET = 12.2;
				MTL_ENABLE_DEBUG_INFO = INCLUDE_SOURCE;
				MTL_FAST_MATH = YES;
				ONLY_ACTIVE_ARCH = YES;
				SDKROOT = iphoneos;
				SWIFT_ACTIVE_COMPILATION_CONDITIONS = DEBUG;
				SWIFT_OPTIMIZATION_LEVEL = "-Onone";
				SWIFT_VERSION = 5.0;
			};
			name = Debug;
		};
		19A95815229BC718007B48ED /* Release */ = {
			isa = XCBuildConfiguration;
			buildSettings = {
				ALWAYS_SEARCH_USER_PATHS = NO;
				CLANG_ANALYZER_NONNULL = YES;
				CLANG_ANALYZER_NUMBER_OBJECT_CONVERSION = YES_AGGRESSIVE;
				CLANG_CXX_LANGUAGE_STANDARD = "gnu++14";
				CLANG_CXX_LIBRARY = "libc++";
				CLANG_ENABLE_MODULES = YES;
				CLANG_ENABLE_OBJC_ARC = YES;
				CLANG_ENABLE_OBJC_WEAK = YES;
				CLANG_WARN_BLOCK_CAPTURE_AUTORELEASING = YES;
				CLANG_WARN_BOOL_CONVERSION = YES;
				CLANG_WARN_COMMA = YES;
				CLANG_WARN_CONSTANT_CONVERSION = YES;
				CLANG_WARN_DEPRECATED_OBJC_IMPLEMENTATIONS = YES;
				CLANG_WARN_DIRECT_OBJC_ISA_USAGE = YES_ERROR;
				CLANG_WARN_DOCUMENTATION_COMMENTS = YES;
				CLANG_WARN_EMPTY_BODY = YES;
				CLANG_WARN_ENUM_CONVERSION = YES;
				CLANG_WARN_INFINITE_RECURSION = YES;
				CLANG_WARN_INT_CONVERSION = YES;
				CLANG_WARN_NON_LITERAL_NULL_CONVERSION = YES;
				CLANG_WARN_OBJC_IMPLICIT_RETAIN_SELF = YES;
				CLANG_WARN_OBJC_LITERAL_CONVERSION = YES;
				CLANG_WARN_OBJC_ROOT_CLASS = YES_ERROR;
				CLANG_WARN_RANGE_LOOP_ANALYSIS = YES;
				CLANG_WARN_STRICT_PROTOTYPES = YES;
				CLANG_WARN_SUSPICIOUS_MOVE = YES;
				CLANG_WARN_UNGUARDED_AVAILABILITY = YES_AGGRESSIVE;
				CLANG_WARN_UNREACHABLE_CODE = YES;
				CLANG_WARN__DUPLICATE_METHOD_MATCH = YES;
				CODE_SIGN_IDENTITY = "iPhone Developer";
				COPY_PHASE_STRIP = NO;
				DEBUG_INFORMATION_FORMAT = "dwarf-with-dsym";
				ENABLE_BITCODE = NO;
				ENABLE_NS_ASSERTIONS = NO;
				ENABLE_STRICT_OBJC_MSGSEND = YES;
				GCC_C_LANGUAGE_STANDARD = gnu11;
				GCC_NO_COMMON_BLOCKS = YES;
				GCC_WARN_64_TO_32_BIT_CONVERSION = YES;
				GCC_WARN_ABOUT_RETURN_TYPE = YES_ERROR;
				GCC_WARN_UNDECLARED_SELECTOR = YES;
				GCC_WARN_UNINITIALIZED_AUTOS = YES_AGGRESSIVE;
				GCC_WARN_UNUSED_FUNCTION = YES;
				GCC_WARN_UNUSED_VARIABLE = YES;
				IPHONEOS_DEPLOYMENT_TARGET = 12.2;
				MTL_ENABLE_DEBUG_INFO = NO;
				MTL_FAST_MATH = YES;
				SDKROOT = iphoneos;
				SWIFT_COMPILATION_MODE = wholemodule;
				SWIFT_OPTIMIZATION_LEVEL = "-O";
				SWIFT_VERSION = 5.0;
				VALIDATE_PRODUCT = YES;
			};
			name = Release;
		};
		19A95817229BC718007B48ED /* Debug */ = {
			isa = XCBuildConfiguration;
			baseConfigurationReference = 0FCE7CB6951C7E7FCDE953D1 /* Pods-htz.debug.xcconfig */;
			buildSettings = {
				ASSETCATALOG_COMPILER_APPICON_NAME = AppIcon;
				CLANG_ENABLE_MODULES = YES;
				CODE_SIGN_STYLE = Automatic;
				DEVELOPMENT_TEAM = J63NPN5YS5;
				ENABLE_BITCODE = NO;
				FRAMEWORK_SEARCH_PATHS = (
					"$(inherited)",
					"$(PROJECT_DIR)/htz/Vendor",
				);
				INFOPLIST_FILE = htz/Info.plist;
				IPHONEOS_DEPLOYMENT_TARGET = 10.0;
				LD_RUNPATH_SEARCH_PATHS = "$(inherited) @executable_path/Frameworks";
				PRODUCT_BUNDLE_IDENTIFIER = cn.net.szfdc.general.htz;
				PRODUCT_NAME = "$(TARGET_NAME)";
				SWIFT_OBJC_BRIDGING_HEADER = "htz/htz-Bridging-Header.h";
				SWIFT_OPTIMIZATION_LEVEL = "-Onone";
				SWIFT_VERSION = 5.0;
				TARGETED_DEVICE_FAMILY = 1;
				USER_HEADER_SEARCH_PATHS = "";
			};
			name = Debug;
		};
		19A95818229BC718007B48ED /* Release */ = {
			isa = XCBuildConfiguration;
			baseConfigurationReference = F127EE42E8BDF736AC6D000E /* Pods-htz.release.xcconfig */;
			buildSettings = {
				ASSETCATALOG_COMPILER_APPICON_NAME = AppIcon;
				CLANG_ENABLE_MODULES = YES;
				CODE_SIGN_STYLE = Automatic;
				DEVELOPMENT_TEAM = J63NPN5YS5;
				ENABLE_BITCODE = NO;
				FRAMEWORK_SEARCH_PATHS = (
					"$(inherited)",
					"$(PROJECT_DIR)/htz/Vendor",
				);
				INFOPLIST_FILE = htz/Info.plist;
				IPHONEOS_DEPLOYMENT_TARGET = 10.0;
				LD_RUNPATH_SEARCH_PATHS = "$(inherited) @executable_path/Frameworks";
				PRODUCT_BUNDLE_IDENTIFIER = cn.net.szfdc.general.htz;
				PRODUCT_NAME = "$(TARGET_NAME)";
				SWIFT_OBJC_BRIDGING_HEADER = "htz/htz-Bridging-Header.h";
				SWIFT_VERSION = 5.0;
				TARGETED_DEVICE_FAMILY = 1;
				USER_HEADER_SEARCH_PATHS = "";
			};
			name = Release;
		};
		19A9581A229BC718007B48ED /* Debug */ = {
			isa = XCBuildConfiguration;
			baseConfigurationReference = 8604342CD5FF9885FB33B58D /* Pods-htzTests.debug.xcconfig */;
			buildSettings = {
				ALWAYS_EMBED_SWIFT_STANDARD_LIBRARIES = YES;
				BUNDLE_LOADER = "$(TEST_HOST)";
				CODE_SIGN_STYLE = Automatic;
				INFOPLIST_FILE = htzTests/Info.plist;
				LD_RUNPATH_SEARCH_PATHS = "$(inherited) @executable_path/Frameworks @loader_path/Frameworks";
				PRODUCT_BUNDLE_IDENTIFIER = com.yyr.ios.www.htzTests;
				PRODUCT_NAME = "$(TARGET_NAME)";
				SWIFT_VERSION = 5.0;
				TARGETED_DEVICE_FAMILY = "1,2";
				TEST_HOST = "$(BUILT_PRODUCTS_DIR)/htz.app/htz";
			};
			name = Debug;
		};
		19A9581B229BC718007B48ED /* Release */ = {
			isa = XCBuildConfiguration;
			baseConfigurationReference = 549B0A80A97F5545FE963EF9 /* Pods-htzTests.release.xcconfig */;
			buildSettings = {
				ALWAYS_EMBED_SWIFT_STANDARD_LIBRARIES = YES;
				BUNDLE_LOADER = "$(TEST_HOST)";
				CODE_SIGN_STYLE = Automatic;
				INFOPLIST_FILE = htzTests/Info.plist;
				LD_RUNPATH_SEARCH_PATHS = "$(inherited) @executable_path/Frameworks @loader_path/Frameworks";
				PRODUCT_BUNDLE_IDENTIFIER = com.yyr.ios.www.htzTests;
				PRODUCT_NAME = "$(TARGET_NAME)";
				SWIFT_VERSION = 5.0;
				TARGETED_DEVICE_FAMILY = "1,2";
				TEST_HOST = "$(BUILT_PRODUCTS_DIR)/htz.app/htz";
			};
			name = Release;
		};
		19A9581D229BC718007B48ED /* Debug */ = {
			isa = XCBuildConfiguration;
			baseConfigurationReference = FA46C2838D74846154E8E939 /* Pods-htzUITests.debug.xcconfig */;
			buildSettings = {
				ALWAYS_EMBED_SWIFT_STANDARD_LIBRARIES = YES;
				CODE_SIGN_STYLE = Automatic;
				INFOPLIST_FILE = htzUITests/Info.plist;
				LD_RUNPATH_SEARCH_PATHS = "$(inherited) @executable_path/Frameworks @loader_path/Frameworks";
				PRODUCT_BUNDLE_IDENTIFIER = com.yyr.ios.www.htzUITests;
				PRODUCT_NAME = "$(TARGET_NAME)";
				SWIFT_VERSION = 5.0;
				TARGETED_DEVICE_FAMILY = "1,2";
				TEST_TARGET_NAME = htz;
			};
			name = Debug;
		};
		19A9581E229BC718007B48ED /* Release */ = {
			isa = XCBuildConfiguration;
			baseConfigurationReference = 3C768F35F7899594EC38CE14 /* Pods-htzUITests.release.xcconfig */;
			buildSettings = {
				ALWAYS_EMBED_SWIFT_STANDARD_LIBRARIES = YES;
				CODE_SIGN_STYLE = Automatic;
				INFOPLIST_FILE = htzUITests/Info.plist;
				LD_RUNPATH_SEARCH_PATHS = "$(inherited) @executable_path/Frameworks @loader_path/Frameworks";
				PRODUCT_BUNDLE_IDENTIFIER = com.yyr.ios.www.htzUITests;
				PRODUCT_NAME = "$(TARGET_NAME)";
				SWIFT_VERSION = 5.0;
				TARGETED_DEVICE_FAMILY = "1,2";
				TEST_TARGET_NAME = htz;
			};
			name = Release;
		};
/* End XCBuildConfiguration section */

/* Begin XCConfigurationList section */
		19A957E6229BC716007B48ED /* Build configuration list for PBXProject "htz" */ = {
			isa = XCConfigurationList;
			buildConfigurations = (
				19A95814229BC718007B48ED /* Debug */,
				19A95815229BC718007B48ED /* Release */,
			);
			defaultConfigurationIsVisible = 0;
			defaultConfigurationName = Release;
		};
		19A95816229BC718007B48ED /* Build configuration list for PBXNativeTarget "htz" */ = {
			isa = XCConfigurationList;
			buildConfigurations = (
				19A95817229BC718007B48ED /* Debug */,
				19A95818229BC718007B48ED /* Release */,
			);
			defaultConfigurationIsVisible = 0;
			defaultConfigurationName = Release;
		};
		19A95819229BC718007B48ED /* Build configuration list for PBXNativeTarget "htzTests" */ = {
			isa = XCConfigurationList;
			buildConfigurations = (
				19A9581A229BC718007B48ED /* Debug */,
				19A9581B229BC718007B48ED /* Release */,
			);
			defaultConfigurationIsVisible = 0;
			defaultConfigurationName = Release;
		};
		19A9581C229BC718007B48ED /* Build configuration list for PBXNativeTarget "htzUITests" */ = {
			isa = XCConfigurationList;
			buildConfigurations = (
				19A9581D229BC718007B48ED /* Debug */,
				19A9581E229BC718007B48ED /* Release */,
			);
			defaultConfigurationIsVisible = 0;
			defaultConfigurationName = Release;
		};
/* End XCConfigurationList section */

/* Begin XCVersionGroup section */
		19A957F5229BC716007B48ED /* htz.xcdatamodeld */ = {
			isa = XCVersionGroup;
			children = (
				19A957F6229BC716007B48ED /* htz.xcdatamodel */,
			);
			currentVersion = 19A957F6229BC716007B48ED /* htz.xcdatamodel */;
			path = htz.xcdatamodeld;
			sourceTree = "<group>";
			versionGroupType = wrapper.xcdatamodel;
		};
/* End XCVersionGroup section */
	};
	rootObject = 19A957E3229BC716007B48ED /* Project object */;
}
